// !$*UTF8*$!
{
	archiveVersion = 1;
	classes = {
	};
	objectVersion = 77;
	objects = {

/* Begin PBXBuildFile section */
		0B92705E9F8535DEFA71075A /* WOMProvenance.swift in Sources */ = {isa = PBXBuildFile; fileRef = BB33105D31E371B41A8F523F /* WOMProvenance.swift */; };
		101E59D30FFAA74118E4E8F7 /* FeedItem.swift in Sources */ = {isa = PBXBuildFile; fileRef = 878395F92963933AFF5376AF /* FeedItem.swift */; };
		1614A2CBB02FDFECE1C3043F /* DebugView.swift in Sources */ = {isa = PBXBuildFile; fileRef = FDE1F18BDE942722566DA463 /* DebugView.swift */; };
		18A08BC4CFC068A4403D2D3A /* WOMObjectInspectorView.swift in Sources */ = {isa = PBXBuildFile; fileRef = CDD53F05BF753713991139CE /* WOMObjectInspectorView.swift */; };
		1E42AF5DCC3C22889B1FB5C6 /* WOMBinding.swift in Sources */ = {isa = PBXBuildFile; fileRef = 7301E9B32895F506FF41AB79 /* WOMBinding.swift */; };
		2065F4616971143C5E5EE6B2 /* ChatView.swift in Sources */ = {isa = PBXBuildFile; fileRef = 9D3473D7CE010F204E8D51A3 /* ChatView.swift */; };
		208A7FE391E119C11444ECB8 /* TrustRelation.swift in Sources */ = {isa = PBXBuildFile; fileRef = C123AABD800E7BE44F5B071D /* TrustRelation.swift */; };
		26B80F99529363367CC97548 /* WOMToIRCAdapter.swift in Sources */ = {isa = PBXBuildFile; fileRef = B62E6C1D03888795A63181F4 /* WOMToIRCAdapter.swift */; };
		28F555CA915D88B0DB64E00F /* SuggestedServers.swift in Sources */ = {isa = PBXBuildFile; fileRef = 2B676B37B716809668A31008 /* SuggestedServers.swift */; };
		32E853A4E4E0CEC0B1D4C104 /* WOMRelation.swift in Sources */ = {isa = PBXBuildFile; fileRef = 906BE3C7E975E7E8264B40A1 /* WOMRelation.swift */; };
		3DC38E9513AAD20E5E04063E /* ConversationListView.swift in Sources */ = {isa = PBXBuildFile; fileRef = 1F1B694593898DDB87326792 /* ConversationListView.swift */; };
		3E814D0755AD1D8801399E5C /* WOMGovernance.swift in Sources */ = {isa = PBXBuildFile; fileRef = 080F7B7462FB8F4E7F90D92E /* WOMGovernance.swift */; };
		3F838981C16016FD2DF0443C /* FeedCard.swift in Sources */ = {isa = PBXBuildFile; fileRef = 02BFA0A70998650F4CAD3670 /* FeedCard.swift */; };
		4DA3E8A6D23BBF6ED1126E17 /* SettingsView.swift in Sources */ = {isa = PBXBuildFile; fileRef = DAE7D6E8E5F39710B7B47F82 /* SettingsView.swift */; };
				C3D4E5F60718293A0B1C2D3E /* StreamView.swift in Sources */ = {isa = PBXBuildFile; fileRef = B2C3D4E5F60718293A0B1C2D /* StreamView.swift */; };
		A4B5C6D7E8F90019283A4B5E /* LibraryView.swift in Sources */ = {isa = PBXBuildFile; fileRef = A4B5C6D7E8F90019283A4B5D /* LibraryView.swift */; };
		57935944E52BD16C7D829850 /* SuggestedServers.json in Resources */ = {isa = PBXBuildFile; fileRef = 2BA08C7EEC27E8FED76DCB54 /* SuggestedServers.json */; };
		57D623F3F96FCC6090F802F2 /* WOMEnums.swift in Sources */ = {isa = PBXBuildFile; fileRef = 45721F0D4168305EC5827852 /* WOMEnums.swift */; };
		5A564F0F105370D5C227631C /* WOMReference.swift in Sources */ = {isa = PBXBuildFile; fileRef = 483BB0DC491D7758B7C2E381 /* WOMReference.swift */; };
		5ACE5505CCF4639B50B95A91 /* SocialSignal.swift in Sources */ = {isa = PBXBuildFile; fileRef = D96DCC7DC708265CC384DC89 /* SocialSignal.swift */; };
		5F7A9BB695411458234D8B14 /* WOMObject.swift in Sources */ = {isa = PBXBuildFile; fileRef = C551D1B9BDE12B3F3C761078 /* WOMObject.swift */; };
		6373D6852F0496AFEA75A677 /* MastodonModels.swift in Sources */ = {isa = PBXBuildFile; fileRef = EC2AB09D725C342CEACEAEF1 /* MastodonModels.swift */; };
		6410C014AFB74C80C7CC91BA /* WOMStore.swift in Sources */ = {isa = PBXBuildFile; fileRef = 5B7847091404A9B9666E9D5F /* WOMStore.swift */; };
		648CA65F111308F728806EA5 /* FeedParser.swift in Sources */ = {isa = PBXBuildFile; fileRef = 5E66A769A142818053ED76F7 /* FeedParser.swift */; };
		650ADA11D0E8C152956F478B /* RawEventLogView.swift in Sources */ = {isa = PBXBuildFile; fileRef = 110725662E9CAF4F796B6DDC /* RawEventLogView.swift */; };
		6533D9A172E226BB99DD3C15 /* IRCToWOMAdapter.swift in Sources */ = {isa = PBXBuildFile; fileRef = D6A2821582A3BC105EEF454C /* IRCToWOMAdapter.swift */; };
		678A099651CD40DABB67D4BB /* WOMAnnotation.swift in Sources */ = {isa = PBXBuildFile; fileRef = B59A515E225CAEFC6264140E /* WOMAnnotation.swift */; };
		6794DF1FEFEEF119002734B6 /* FeedSubscriptionStore.swift in Sources */ = {isa = PBXBuildFile; fileRef = 0E9842883A75E2FC1841C43D /* FeedSubscriptionStore.swift */; };
		68F56DB16D64D7DF03FC5C4B /* IRCParser.swift in Sources */ = {isa = PBXBuildFile; fileRef = BF814FAA578F93CB5FC90BB5 /* IRCParser.swift */; };
		6E01703388ADF79FF75D4BF5 /* AppState.swift in Sources */ = {isa = PBXBuildFile; fileRef = AEC539290F0DCC4E113874FF /* AppState.swift */; };
		D3C4B5A6E7F801293A0B1C2 /* WorkshopView.swift in Sources */ = {isa = PBXBuildFile; fileRef = E5F4A3B2C1D60718293A0B1E /* WorkshopView.swift */; };
		728523B504672CB8A4ECDE94 /* WOMIDGenerator.swift in Sources */ = {isa = PBXBuildFile; fileRef = 02F21BC17F83816701A37D7B /* WOMIDGenerator.swift */; };
		798F1A5BB0ECD2C6DB4C27EB /* JSONFileStore.swift in Sources */ = {isa = PBXBuildFile; fileRef = 977059C372AB2F3C65D20D14 /* JSONFileStore.swift */; };
		7B85E860C10694C08CC3BC3D /* WircApp.swift in Sources */ = {isa = PBXBuildFile; fileRef = 9FA00F37E1FF2C32DDF280ED /* WircApp.swift */; };
		7C4C342761F12EED666F7DA6 /* ObjectInspectorSheet.swift in Sources */ = {isa = PBXBuildFile; fileRef = 82E54BAAED3C1E38E70AAC22 /* ObjectInspectorSheet.swift */; };
		7EC94869472B0565F65A371D /* RemoteIdentity.swift in Sources */ = {isa = PBXBuildFile; fileRef = 2D5B69B87A544419FE5C2911 /* RemoteIdentity.swift */; };
		83D3F1EA012B94B9F965D8C1 /* WOMContent.swift in Sources */ = {isa = PBXBuildFile; fileRef = 116B884F1396D33A37753847 /* WOMContent.swift */; };
		89545409416029AA5D6EF14F /* ServerOrchestrator.swift in Sources */ = {isa = PBXBuildFile; fileRef = CE794998165C7A6AA30245FF /* ServerOrchestrator.swift */; };
		93F0B76736890A499C0A9A3F /* AddFeedView.swift in Sources */ = {isa = PBXBuildFile; fileRef = 032E2B03065B5DAD4439A579 /* AddFeedView.swift */; };
		97C3D31649C0B6A7776D3892 /* FeedView.swift in Sources */ = {isa = PBXBuildFile; fileRef = AA35FC732F83C26AF70D03B1 /* FeedView.swift */; };
		9A32DFFC6C0109974EA32C25 /* FeedSubscription.swift in Sources */ = {isa = PBXBuildFile; fileRef = D1C0054B7701EAA66473F109 /* FeedSubscription.swift */; };
		A31014B086E449E4EB6AF1E5 /* MessageView.swift in Sources */ = {isa = PBXBuildFile; fileRef = 36941508DA40D61ED2A49585 /* MessageView.swift */; };
		A403E8957A992C14D19312EF /* DesignSystem.swift in Sources */ = {isa = PBXBuildFile; fileRef = E83E547AD92C7A243ABB80AF /* DesignSystem.swift */; };
		B28C05DA310EF2AE7F9492A2 /* SuggestedChannels.swift in Sources */ = {isa = PBXBuildFile; fileRef = 0498ACC5E264A6704F285BBE /* SuggestedChannels.swift */; };
		B36A1CC39ECE5F3BDBBE957B /* MastodonClient.swift in Sources */ = {isa = PBXBuildFile; fileRef = CC577F22552016DCF3516362 /* MastodonClient.swift */; };
		B8FA6CA3BEF0D950871DAE84 /* WOMClassification.swift in Sources */ = {isa = PBXBuildFile; fileRef = 1FCFECC386025CB0EB6A95E1 /* WOMClassification.swift */; };
		B9D9F45CF4E0337214450B94 /* SuggestedChannels.json in Resources */ = {isa = PBXBuildFile; fileRef = 2B02469B01F721B6169799B0 /* SuggestedChannels.json */; };
		D3A953C8893F023EFB20D6CB /* InMemoryWOMStore.swift in Sources */ = {isa = PBXBuildFile; fileRef = 4A9D83E615CA39680B6D1405 /* InMemoryWOMStore.swift */; };
		D6CCE39854349C77813524F6 /* FeedFetcher.swift in Sources */ = {isa = PBXBuildFile; fileRef = 020931F5C2A78F26DA21B53F /* FeedFetcher.swift */; };
		D88E678DCB7158297CD4F64B /* IRCMessage.swift in Sources */ = {isa = PBXBuildFile; fileRef = 3DD2E68D088CDE5CE20AE674 /* IRCMessage.swift */; };
		DC9D1DFA06EEFA62B253FD57 /* IRCConnectionConfig.swift in Sources */ = {isa = PBXBuildFile; fileRef = 6326E3AE770420F6AF2E043E /* IRCConnectionConfig.swift */; };
		DF00A7A6ADD9370AF764D3D9 /* IRCClient.swift in Sources */ = {isa = PBXBuildFile; fileRef = C9C0B724FA14588CD378CBD1 /* IRCClient.swift */; };
		E44885986D6D4884933A8820 /* MastodonToWOMAdapter.swift in Sources */ = {isa = PBXBuildFile; fileRef = 2B266AC0655998332A501F98 /* MastodonToWOMAdapter.swift */; };
		E507E3CC098099E1AACAB37A /* AddServerView.swift in Sources */ = {isa = PBXBuildFile; fileRef = 354688CFC206205439A3FFFF /* AddServerView.swift */; };
		539C6C9FEBC248FDF7F16F61 /* KeychainStore.swift in Sources */ = {isa = PBXBuildFile; fileRef = FBD1E1B7AFDACE9DD2F2F88B /* KeychainStore.swift */; };
		EB3E4FCDC74623DA8E2D0F0D /* FeedToWOMAdapter.swift in Sources */ = {isa = PBXBuildFile; fileRef = F48F757875C2347632356611 /* FeedToWOMAdapter.swift */; };
		EC8AF2CDF21393C5E26B11D3 /* mastodon_config.json in Resources */ = {isa = PBXBuildFile; fileRef = 7FAAB9DB82E9EA69AB9BFAB4 /* mastodon_config.json */; };
		EFAE2659F2ED47FD1DE8817C /* IRCEvent.swift in Sources */ = {isa = PBXBuildFile; fileRef = DD36B880B97E4EDF5E8A0309 /* IRCEvent.swift */; };
		F3CA86BEEE333FE4E794472D /* WOMIdentity.swift in Sources */ = {isa = PBXBuildFile; fileRef = C94C2AC88AC3752EA7372150 /* WOMIdentity.swift */; };
		FCA62EE42233B48D04936EE9 /* WOMKnowledge.swift in Sources */ = {isa = PBXBuildFile; fileRef = 4E3FC8EAFB913B8F773D2FF0 /* WOMKnowledge.swift */; };
		67207DDCC898482FBF633D96 /* DefaultFeeds.json in Resources */ = {isa = PBXBuildFile; fileRef = A71564092EE74C10B88563DC /* DefaultFeeds.json */; };
		F9EFA01B3C3E4B74AF13043E /* DefaultFeedsLoader.swift in Sources */ = {isa = PBXBuildFile; fileRef = 6A25279B4ED747D19F5B7540 /* DefaultFeedsLoader.swift */; };
		908719EFEBB845E18C6F2735 /* IRCChannelManager.swift in Sources */ = {isa = PBXBuildFile; fileRef = AAD6B46A60924B6996B52D18 /* IRCChannelManager.swift */; };
		DC6CAC5E814A45179FFEEBB2 /* IRCMessageDeckView.swift in Sources */ = {isa = PBXBuildFile; fileRef = A068CB3873B445EF84C567BC /* IRCMessageDeckView.swift */; };
		49564F780D13465BA3A7D819 /* IRCServerManagerSheet.swift in Sources */ = {isa = PBXBuildFile; fileRef = 493BFE617DC14CC09BA5E57B /* IRCServerManagerSheet.swift */; };
		F8BC07DB36074DAEB2B3476D /* IRCCommandParser.swift in Sources */ = {isa = PBXBuildFile; fileRef = 49C7586EAB014C1C95E1D168 /* IRCCommandParser.swift */; };
		2A8449521C34403EA7FFE62F /* IRCCommandExecutor.swift in Sources */ = {isa = PBXBuildFile; fileRef = B7350D5AC7904A30B36086CF /* IRCCommandExecutor.swift */; };
		33B1FDEE49A64552BF250756 /* IRCAutomation.swift in Sources */ = {isa = PBXBuildFile; fileRef = 420B4F345DB84D65AAF16EFB /* IRCAutomation.swift */; };
		7726A1A5D37A495D834F3925 /* IRCManager.swift in Sources */ = {isa = PBXBuildFile; fileRef = 600D88F1A2974B558DCE36E4 /* IRCManager.swift */; };
		80B7B7475A35415CA8E8666D /* FeedManager.swift in Sources */ = {isa = PBXBuildFile; fileRef = 480FC6D050F34DC49D1FB6CF /* FeedManager.swift */; };
		FB209114BB2B49689C09A47C /* WOMProof.swift in Sources */ = {isa = PBXBuildFile; fileRef = 7BEF2CB2AA71421495E2154C /* WOMProof.swift */; };
		DF7B718B2314401F989FFD58 /* WOMEncrypted.swift in Sources */ = {isa = PBXBuildFile; fileRef = 8CBD5F6BEFAF4DC0ADDAB214 /* WOMEncrypted.swift */; };
		0069F910B3BC49ADB0D5765C /* WOMLite.swift in Sources */ = {isa = PBXBuildFile; fileRef = 050F28D0ABBA449DBA830635 /* WOMLite.swift */; };
		1A062B1DC318475687DB5656 /* WOMCanonicalizer.swift in Sources */ = {isa = PBXBuildFile; fileRef = F94568BD4F954D1C91215954 /* WOMCanonicalizer.swift */; };
		1D0FF75EE99E46A3B0E77932 /* WOMCrypto.swift in Sources */ = {isa = PBXBuildFile; fileRef = 89CE585A7ABA472F9FB62C81 /* WOMCrypto.swift */; };
		D6D4D2F2F8364DD2BFBCC460 /* IRCChatView.swift in Sources */ = {isa = PBXBuildFile; fileRef = 5A7C88E8A20D471BB406539B /* IRCChatView.swift */; };
/* End PBXBuildFile section */

/* Begin PBXFileReference section */
		020931F5C2A78F26DA21B53F /* FeedFetcher.swift */ = {isa = PBXFileReference; lastKnownFileType = sourcecode.swift; path = FeedFetcher.swift; sourceTree = "<group>"; };
		02BFA0A70998650F4CAD3670 /* FeedCard.swift */ = {isa = PBXFileReference; lastKnownFileType = sourcecode.swift; path = FeedCard.swift; sourceTree = "<group>"; };
		02F21BC17F83816701A37D7B /* WOMIDGenerator.swift */ = {isa = PBXFileReference; lastKnownFileType = sourcecode.swift; path = WOMIDGenerator.swift; sourceTree = "<group>"; };
		032E2B03065B5DAD4439A579 /* AddFeedView.swift */ = {isa = PBXFileReference; lastKnownFileType = sourcecode.swift; path = AddFeedView.swift; sourceTree = "<group>"; };
		0498ACC5E264A6704F285BBE /* SuggestedChannels.swift */ = {isa = PBXFileReference; lastKnownFileType = sourcecode.swift; path = SuggestedChannels.swift; sourceTree = "<group>"; };
		080F7B7462FB8F4E7F90D92E /* WOMGovernance.swift */ = {isa = PBXFileReference; lastKnownFileType = sourcecode.swift; path = WOMGovernance.swift; sourceTree = "<group>"; };
		0E9842883A75E2FC1841C43D /* FeedSubscriptionStore.swift */ = {isa = PBXFileReference; lastKnownFileType = sourcecode.swift; path = FeedSubscriptionStore.swift; sourceTree = "<group>"; };
		110725662E9CAF4F796B6DDC /* RawEventLogView.swift */ = {isa = PBXFileReference; lastKnownFileType = sourcecode.swift; path = RawEventLogView.swift; sourceTree = "<group>"; };
		116B884F1396D33A37753847 /* WOMContent.swift */ = {isa = PBXFileReference; lastKnownFileType = sourcecode.swift; path = WOMContent.swift; sourceTree = "<group>"; };
		1F1B694593898DDB87326792 /* ConversationListView.swift */ = {isa = PBXFileReference; lastKnownFileType = sourcecode.swift; path = ConversationListView.swift; sourceTree = "<group>"; };
		1FCFECC386025CB0EB6A95E1 /* WOMClassification.swift */ = {isa = PBXFileReference; lastKnownFileType = sourcecode.swift; path = WOMClassification.swift; sourceTree = "<group>"; };
		2B02469B01F721B6169799B0 /* SuggestedChannels.json */ = {isa = PBXFileReference; lastKnownFileType = text.json; path = SuggestedChannels.json; sourceTree = "<group>"; };
		2B266AC0655998332A501F98 /* MastodonToWOMAdapter.swift */ = {isa = PBXFileReference; lastKnownFileType = sourcecode.swift; path = MastodonToWOMAdapter.swift; sourceTree = "<group>"; };
		2B676B37B716809668A31008 /* SuggestedServers.swift */ = {isa = PBXFileReference; lastKnownFileType = sourcecode.swift; path = SuggestedServers.swift; sourceTree = "<group>"; };
		2BA08C7EEC27E8FED76DCB54 /* SuggestedServers.json */ = {isa = PBXFileReference; lastKnownFileType = text.json; path = SuggestedServers.json; sourceTree = "<group>"; };
		2D5B69B87A544419FE5C2911 /* RemoteIdentity.swift */ = {isa = PBXFileReference; lastKnownFileType = sourcecode.swift; path = RemoteIdentity.swift; sourceTree = "<group>"; };
		354688CFC206205439A3FFFF /* AddServerView.swift */ = {isa = PBXFileReference; lastKnownFileType = sourcecode.swift; path = AddServerView.swift; sourceTree = "<group>"; };
		36941508DA40D61ED2A49585 /* MessageView.swift */ = {isa = PBXFileReference; lastKnownFileType = sourcecode.swift; path = MessageView.swift; sourceTree = "<group>"; };
		3DD2E68D088CDE5CE20AE674 /* IRCMessage.swift */ = {isa = PBXFileReference; lastKnownFileType = sourcecode.swift; path = IRCMessage.swift; sourceTree = "<group>"; };
		41C0975A8852038225072B85 /* Wirc.app */ = {isa = PBXFileReference; includeInIndex = 0; lastKnownFileType = wrapper.application; path = Wirc.app; sourceTree = BUILT_PRODUCTS_DIR; };
		45721F0D4168305EC5827852 /* WOMEnums.swift */ = {isa = PBXFileReference; lastKnownFileType = sourcecode.swift; path = WOMEnums.swift; sourceTree = "<group>"; };
		483BB0DC491D7758B7C2E381 /* WOMReference.swift */ = {isa = PBXFileReference; lastKnownFileType = sourcecode.swift; path = WOMReference.swift; sourceTree = "<group>"; };
		4A9D83E615CA39680B6D1405 /* InMemoryWOMStore.swift */ = {isa = PBXFileReference; lastKnownFileType = sourcecode.swift; path = InMemoryWOMStore.swift; sourceTree = "<group>"; };
		4E3FC8EAFB913B8F773D2FF0 /* WOMKnowledge.swift */ = {isa = PBXFileReference; lastKnownFileType = sourcecode.swift; path = WOMKnowledge.swift; sourceTree = "<group>"; };
		5B7847091404A9B9666E9D5F /* WOMStore.swift */ = {isa = PBXFileReference; lastKnownFileType = sourcecode.swift; path = WOMStore.swift; sourceTree = "<group>"; };
		5E66A769A142818053ED76F7 /* FeedParser.swift */ = {isa = PBXFileReference; lastKnownFileType = sourcecode.swift; path = FeedParser.swift; sourceTree = "<group>"; };
		6326E3AE770420F6AF2E043E /* IRCConnectionConfig.swift */ = {isa = PBXFileReference; lastKnownFileType = sourcecode.swift; path = IRCConnectionConfig.swift; sourceTree = "<group>"; };
		7301E9B32895F506FF41AB79 /* WOMBinding.swift */ = {isa = PBXFileReference; lastKnownFileType = sourcecode.swift; path = WOMBinding.swift; sourceTree = "<group>"; };
		7FAAB9DB82E9EA69AB9BFAB4 /* mastodon_config.json */ = {isa = PBXFileReference; lastKnownFileType = text.json; path = mastodon_config.json; sourceTree = "<group>"; };
		82E54BAAED3C1E38E70AAC22 /* ObjectInspectorSheet.swift */ = {isa = PBXFileReference; lastKnownFileType = sourcecode.swift; path = ObjectInspectorSheet.swift; sourceTree = "<group>"; };
		878395F92963933AFF5376AF /* FeedItem.swift */ = {isa = PBXFileReference; lastKnownFileType = sourcecode.swift; path = FeedItem.swift; sourceTree = "<group>"; };
		906BE3C7E975E7E8264B40A1 /* WOMRelation.swift */ = {isa = PBXFileReference; lastKnownFileType = sourcecode.swift; path = WOMRelation.swift; sourceTree = "<group>"; };
		977059C372AB2F3C65D20D14 /* JSONFileStore.swift */ = {isa = PBXFileReference; lastKnownFileType = sourcecode.swift; path = JSONFileStore.swift; sourceTree = "<group>"; };
		9D3473D7CE010F204E8D51A3 /* ChatView.swift */ = {isa = PBXFileReference; lastKnownFileType = sourcecode.swift; path = ChatView.swift; sourceTree = "<group>"; };
		9FA00F37E1FF2C32DDF280ED /* WircApp.swift */ = {isa = PBXFileReference; lastKnownFileType = sourcecode.swift; path = WircApp.swift; sourceTree = "<group>"; };
		AA35FC732F83C26AF70D03B1 /* FeedView.swift */ = {isa = PBXFileReference; lastKnownFileType = sourcecode.swift; path = FeedView.swift; sourceTree = "<group>"; };
		AEC539290F0DCC4E113874FF /* AppState.swift */ = {isa = PBXFileReference; lastKnownFileType = sourcecode.swift; path = AppState.swift; sourceTree = "<group>"; };
		B59A515E225CAEFC6264140E /* WOMAnnotation.swift */ = {isa = PBXFileReference; lastKnownFileType = sourcecode.swift; path = WOMAnnotation.swift; sourceTree = "<group>"; };
		B62E6C1D03888795A63181F4 /* WOMToIRCAdapter.swift */ = {isa = PBXFileReference; lastKnownFileType = sourcecode.swift; path = WOMToIRCAdapter.swift; sourceTree = "<group>"; };
		BB33105D31E371B41A8F523F /* WOMProvenance.swift */ = {isa = PBXFileReference; lastKnownFileType = sourcecode.swift; path = WOMProvenance.swift; sourceTree = "<group>"; };
		BF814FAA578F93CB5FC90BB5 /* IRCParser.swift */ = {isa = PBXFileReference; lastKnownFileType = sourcecode.swift; path = IRCParser.swift; sourceTree = "<group>"; };
		C123AABD800E7BE44F5B071D /* TrustRelation.swift */ = {isa = PBXFileReference; lastKnownFileType = sourcecode.swift; path = TrustRelation.swift; sourceTree = "<group>"; };
		C551D1B9BDE12B3F3C761078 /* WOMObject.swift */ = {isa = PBXFileReference; lastKnownFileType = sourcecode.swift; path = WOMObject.swift; sourceTree = "<group>"; };
		C6C049CD72667A707D2C2029 /* Info.plist */ = {isa = PBXFileReference; lastKnownFileType = text.plist; path = Info.plist; sourceTree = "<group>"; };
		C94C2AC88AC3752EA7372150 /* WOMIdentity.swift */ = {isa = PBXFileReference; lastKnownFileType = sourcecode.swift; path = WOMIdentity.swift; sourceTree = "<group>"; };
		C9C0B724FA14588CD378CBD1 /* IRCClient.swift */ = {isa = PBXFileReference; lastKnownFileType = sourcecode.swift; path = IRCClient.swift; sourceTree = "<group>"; };
		CC577F22552016DCF3516362 /* MastodonClient.swift */ = {isa = PBXFileReference; lastKnownFileType = sourcecode.swift; path = MastodonClient.swift; sourceTree = "<group>"; };
		CDD53F05BF753713991139CE /* WOMObjectInspectorView.swift */ = {isa = PBXFileReference; lastKnownFileType = sourcecode.swift; path = WOMObjectInspectorView.swift; sourceTree = "<group>"; };
		CE794998165C7A6AA30245FF /* ServerOrchestrator.swift */ = {isa = PBXFileReference; lastKnownFileType = sourcecode.swift; path = ServerOrchestrator.swift; sourceTree = "<group>"; };
		D1C0054B7701EAA66473F109 /* FeedSubscription.swift */ = {isa = PBXFileReference; lastKnownFileType = sourcecode.swift; path = FeedSubscription.swift; sourceTree = "<group>"; };
		D6A2821582A3BC105EEF454C /* IRCToWOMAdapter.swift */ = {isa = PBXFileReference; lastKnownFileType = sourcecode.swift; path = IRCToWOMAdapter.swift; sourceTree = "<group>"; };
		D96DCC7DC708265CC384DC89 /* SocialSignal.swift */ = {isa = PBXFileReference; lastKnownFileType = sourcecode.swift; path = SocialSignal.swift; sourceTree = "<group>"; };
		DAE7D6E8E5F39710B7B47F82 /* SettingsView.swift */ = {isa = PBXFileReference; lastKnownFileType = sourcecode.swift; path = SettingsView.swift; sourceTree = "<group>"; };
		DD36B880B97E4EDF5E8A0309 /* IRCEvent.swift */ = {isa = PBXFileReference; lastKnownFileType = sourcecode.swift; path = IRCEvent.swift; sourceTree = "<group>"; };
		E83E547AD92C7A243ABB80AF /* DesignSystem.swift */ = {isa = PBXFileReference; lastKnownFileType = sourcecode.swift; path = DesignSystem.swift; sourceTree = "<group>"; };
		EC2AB09D725C342CEACEAEF1 /* MastodonModels.swift */ = {isa = PBXFileReference; lastKnownFileType = sourcecode.swift; path = MastodonModels.swift; sourceTree = "<group>"; };
		F48F757875C2347632356611 /* FeedToWOMAdapter.swift */ = {isa = PBXFileReference; lastKnownFileType = sourcecode.swift; path = FeedToWOMAdapter.swift; sourceTree = "<group>"; };
		FBD1E1B7AFDACE9DD2F2F88B /* KeychainStore.swift */ = {isa = PBXFileReference; lastKnownFileType = sourcecode.swift; path = KeychainStore.swift; sourceTree = "<group>"; };
		FDE1F18BDE942722566DA463 /* DebugView.swift */ = {isa = PBXFileReference; lastKnownFileType = sourcecode.swift; path = DebugView.swift; sourceTree = "<group>"; };
		B2C3D4E5F60718293A0B1C2D /* StreamView.swift */ = {isa = PBXFileReference; lastKnownFileType = sourcecode.swift; path = StreamView.swift; sourceTree = "<group>"; };
		A4B5C6D7E8F90019283A4B5D /* LibraryView.swift */ = {isa = PBXFileReference; lastKnownFileType = sourcecode.swift; path = LibraryView.swift; sourceTree = "<group>"; };
		E5F4A3B2C1D60718293A0B1E /* WorkshopView.swift */ = {isa = PBXFileReference; lastKnownFileType = sourcecode.swift; path = WorkshopView.swift; sourceTree = "<group>"; };
		A71564092EE74C10B88563DC /* DefaultFeeds.json */ = {isa = PBXFileReference; lastKnownFileType = text.json; path = WircApp/Infrastructure/Feed/DefaultFeeds.json; sourceTree = SOURCE_ROOT; };
		6A25279B4ED747D19F5B7540 /* DefaultFeedsLoader.swift */ = {isa = PBXFileReference; lastKnownFileType = sourcecode.swift; path = WircApp/Infrastructure/Feed/DefaultFeedsLoader.swift; sourceTree = SOURCE_ROOT; };
		AAD6B46A60924B6996B52D18 /* IRCChannelManager.swift */ = {isa = PBXFileReference; lastKnownFileType = sourcecode.swift; path = WircApp/Infrastructure/IRC/IRCChannelManager.swift; sourceTree = SOURCE_ROOT; };
		A068CB3873B445EF84C567BC /* IRCMessageDeckView.swift */ = {isa = PBXFileReference; lastKnownFileType = sourcecode.swift; path = WircApp/Features/Messages/IRCMessageDeckView.swift; sourceTree = SOURCE_ROOT; };
		493BFE617DC14CC09BA5E57B /* IRCServerManagerSheet.swift */ = {isa = PBXFileReference; lastKnownFileType = sourcecode.swift; path = WircApp/Features/Messages/IRCServerManagerSheet.swift; sourceTree = SOURCE_ROOT; };
		49C7586EAB014C1C95E1D168 /* IRCCommandParser.swift */ = {isa = PBXFileReference; lastKnownFileType = sourcecode.swift; path = WircApp/Infrastructure/IRC/IRCCommandParser.swift; sourceTree = SOURCE_ROOT; };
		B7350D5AC7904A30B36086CF /* IRCCommandExecutor.swift */ = {isa = PBXFileReference; lastKnownFileType = sourcecode.swift; path = WircApp/Infrastructure/IRC/IRCCommandExecutor.swift; sourceTree = SOURCE_ROOT; };
		420B4F345DB84D65AAF16EFB /* IRCAutomation.swift */ = {isa = PBXFileReference; lastKnownFileType = sourcecode.swift; path = WircApp/Infrastructure/IRC/IRCAutomation.swift; sourceTree = SOURCE_ROOT; };
		600D88F1A2974B558DCE36E4 /* IRCManager.swift */ = {isa = PBXFileReference; lastKnownFileType = sourcecode.swift; path = WircApp/App/IRCManager.swift; sourceTree = SOURCE_ROOT; };
		480FC6D050F34DC49D1FB6CF /* FeedManager.swift */ = {isa = PBXFileReference; lastKnownFileType = sourcecode.swift; path = WircApp/App/FeedManager.swift; sourceTree = SOURCE_ROOT; };
		7BEF2CB2AA71421495E2154C /* WOMProof.swift */ = {isa = PBXFileReference; lastKnownFileType = sourcecode.swift; path = WircApp/Core/WOM/WOMProof.swift; sourceTree = SOURCE_ROOT; };
		8CBD5F6BEFAF4DC0ADDAB214 /* WOMEncrypted.swift */ = {isa = PBXFileReference; lastKnownFileType = sourcecode.swift; path = WircApp/Core/WOM/WOMEncrypted.swift; sourceTree = SOURCE_ROOT; };
		050F28D0ABBA449DBA830635 /* WOMLite.swift */ = {isa = PBXFileReference; lastKnownFileType = sourcecode.swift; path = WircApp/Core/WOM/WOMLite.swift; sourceTree = SOURCE_ROOT; };
		F94568BD4F954D1C91215954 /* WOMCanonicalizer.swift */ = {isa = PBXFileReference; lastKnownFileType = sourcecode.swift; path = WircApp/Core/WOM/WOMCanonicalizer.swift; sourceTree = SOURCE_ROOT; };
		89CE585A7ABA472F9FB62C81 /* WOMCrypto.swift */ = {isa = PBXFileReference; lastKnownFileType = sourcecode.swift; path = WircApp/Core/WOM/WOMCrypto.swift; sourceTree = SOURCE_ROOT; };
		5A7C88E8A20D471BB406539B /* IRCChatView.swift */ = {isa = PBXFileReference; lastKnownFileType = sourcecode.swift; path = WircApp/Features/Messages/IRCChatView.swift; sourceTree = SOURCE_ROOT; };
/* End PBXFileReference section */

/* Begin PBXGroup section */
		05AF971AE3FAA71E8822420B = {
			isa = PBXGroup;
			children = (
				49FCCA37D5C72DCC660EA0C9 /* WircApp */,
				FFC8696CE1066C637F57B71F /* Products */,
			);
			sourceTree = "<group>";
		};
		1339EE67F10569CE15BD969C /* Persistence */ = {
			isa = PBXGroup;
			children = (
				4A9D83E615CA39680B6D1405 /* InMemoryWOMStore.swift */,
				977059C372AB2F3C65D20D14 /* JSONFileStore.swift */,
				5B7847091404A9B9666E9D5F /* WOMStore.swift */,
			);
			path = Persistence;
			sourceTree = "<group>";
		};
		237682781EF8DA6DC129DCA0 /* WOM */ = {
			isa = PBXGroup;
			children = (
				B59A515E225CAEFC6264140E /* WOMAnnotation.swift */,
				7301E9B32895F506FF41AB79 /* WOMBinding.swift */,
				1FCFECC386025CB0EB6A95E1 /* WOMClassification.swift */,
				116B884F1396D33A37753847 /* WOMContent.swift */,
				45721F0D4168305EC5827852 /* WOMEnums.swift */,
				080F7B7462FB8F4E7F90D92E /* WOMGovernance.swift */,
				C94C2AC88AC3752EA7372150 /* WOMIdentity.swift */,
				02F21BC17F83816701A37D7B /* WOMIDGenerator.swift */,
				4E3FC8EAFB913B8F773D2FF0 /* WOMKnowledge.swift */,
				C551D1B9BDE12B3F3C761078 /* WOMObject.swift */,
				BB33105D31E371B41A8F523F /* WOMProvenance.swift */,
				483BB0DC491D7758B7C2E381 /* WOMReference.swift */,
				906BE3C7E975E7E8264B40A1 /* WOMRelation.swift */,
				89CE585A7ABA472F9FB62C81 /* WOMCrypto.swift */,
				F94568BD4F954D1C91215954 /* WOMCanonicalizer.swift */,
				050F28D0ABBA449DBA830635 /* WOMLite.swift */,
				8CBD5F6BEFAF4DC0ADDAB214 /* WOMEncrypted.swift */,
				7BEF2CB2AA71421495E2154C /* WOMProof.swift */,
			);
			path = WOM;
			sourceTree = "<group>";
		};
		3F3BAAE714EFDB70F4D078D0 /* Shared */ = {
			isa = PBXGroup;
			children = (
				82E54BAAED3C1E38E70AAC22 /* ObjectInspectorSheet.swift */,
			);
			path = Shared;
			sourceTree = "<group>";
		};
		41BEDA225A54264DD8C5FD31 /* App */ = {
			isa = PBXGroup;
			children = (
				AEC539290F0DCC4E113874FF /* AppState.swift */,
				480FC6D050F34DC49D1FB6CF /* FeedManager.swift */,
				600D88F1A2974B558DCE36E4 /* IRCManager.swift */,
				C6C049CD72667A707D2C2029 /* Info.plist */,
				9FA00F37E1FF2C32DDF280ED /* WircApp.swift */,
			);
			path = App;
			sourceTree = "<group>";
		};
		49FCCA37D5C72DCC660EA0C9 /* WircApp */ = {
			isa = PBXGroup;
			children = (
				41BEDA225A54264DD8C5FD31 /* App */,
				5C9339764535359A67C64440 /* Core */,
				4D192D13D778589633FC6E68 /* Features */,
				9C0147EDB6A337029D8E056C /* Infrastructure */,
			);
			path = WircApp;
			sourceTree = "<group>";
		};
		4D192D13D778589633FC6E68 /* Features */ = {
			isa = PBXGroup;
			children = (
				4E0777227E87289411EBA1CB /* Chat */,
				C9E9DB7C2281B09165AD78FD /* Debug */,
				88F4DD70905DEE09FC3CBF1B /* Feed */,
				B418644AD4F24461B3A9FA14 /* Messages */,CC45187C8720D690484C4929 /* Settings */,
				A1B2C3D4E5F60718293A0B1C /* Stream */,
				A4B5C6D7E8F90019283A4B5C /* Library */,
				C2D3E4F5A6B718293A0B1C3 /* Workshop */,
				3F3BAAE714EFDB70F4D078D0 /* Shared */,
			);
			path = Features;
			sourceTree = "<group>";
		};
		A1B2C3D4E5F60718293A0B1C /* Stream */ = {
			isa = PBXGroup;
			children = (
				B2C3D4E5F60718293A0B1C2D /* StreamView.swift */,
			);
			path = Stream;
			sourceTree = "<group>";
		};
		A4B5C6D7E8F90019283A4B5C /* Library */ = {
			isa = PBXGroup;
			children = (
				A4B5C6D7E8F90019283A4B5D /* LibraryView.swift */,
			);
			path = Library;
			sourceTree = "<group>";
		};
		C2D3E4F5A6B718293A0B1C3 /* Workshop */ = {
			isa = PBXGroup;
			children = (
				E5F4A3B2C1D60718293A0B1E /* WorkshopView.swift */,
			);
			path = Workshop;
			sourceTree = "<group>";
		};
		4E0777227E87289411EBA1CB /* Chat */ = {
			isa = PBXGroup;
			children = (
				9D3473D7CE010F204E8D51A3 /* ChatView.swift */,
				1F1B694593898DDB87326792 /* ConversationListView.swift */,
				36941508DA40D61ED2A49585 /* MessageView.swift */,
			);
			path = Chat;
			sourceTree = "<group>";
		};
		50B0F8AE07F0D83C7830E073 /* Mastodon */ = {
			isa = PBXGroup;
			children = (
				7FAAB9DB82E9EA69AB9BFAB4 /* mastodon_config.json */,
				CC577F22552016DCF3516362 /* MastodonClient.swift */,
				FBD1E1B7AFDACE9DD2F2F88B /* KeychainStore.swift */,
				EC2AB09D725C342CEACEAEF1 /* MastodonModels.swift */,
				2B266AC0655998332A501F98 /* MastodonToWOMAdapter.swift */,
			);
			path = Mastodon;
			sourceTree = "<group>";
		};
		5C9339764535359A67C64440 /* Core */ = {
			isa = PBXGroup;
			children = (
				E83E547AD92C7A243ABB80AF /* DesignSystem.swift */,
				BAFF978153FEFBC98288B865 /* Social */,
				237682781EF8DA6DC129DCA0 /* WOM */,
			);
			path = Core;
			sourceTree = "<group>";
		};
		88F4DD70905DEE09FC3CBF1B /* Feed */ = {
			isa = PBXGroup;
			children = (
				02BFA0A70998650F4CAD3670 /* FeedCard.swift */,
				AA35FC732F83C26AF70D03B1 /* FeedView.swift */,
			);
			path = Feed;
			sourceTree = "<group>";
		};
		9C0147EDB6A337029D8E056C /* Infrastructure */ = {
			isa = PBXGroup;
			children = (
				E6680ADA8D25684C7089E484 /* Feed */,
				9D6E03E92B2659AB6B6A9176 /* IRC */,
				50B0F8AE07F0D83C7830E073 /* Mastodon */,
				1339EE67F10569CE15BD969C /* Persistence */,
			);
			path = Infrastructure;
			sourceTree = "<group>";
		};
		9D6E03E92B2659AB6B6A9176 /* IRC */ = {
			isa = PBXGroup;
			children = (
				C9C0B724FA14588CD378CBD1 /* IRCClient.swift */,
				6326E3AE770420F6AF2E043E /* IRCConnectionConfig.swift */,
				DD36B880B97E4EDF5E8A0309 /* IRCEvent.swift */,
				3DD2E68D088CDE5CE20AE674 /* IRCMessage.swift */,
				BF814FAA578F93CB5FC90BB5 /* IRCParser.swift */,
				D6A2821582A3BC105EEF454C /* IRCToWOMAdapter.swift */,
				CE794998165C7A6AA30245FF /* ServerOrchestrator.swift */,
				2B02469B01F721B6169799B0 /* SuggestedChannels.json */,
				0498ACC5E264A6704F285BBE /* SuggestedChannels.swift */,
				2BA08C7EEC27E8FED76DCB54 /* SuggestedServers.json */,
				2B676B37B716809668A31008 /* SuggestedServers.swift */,
				B62E6C1D03888795A63181F4 /* WOMToIRCAdapter.swift */,
							AAD6B46A60924B6996B52D18 /* IRCChannelManager.swift */,
				420B4F345DB84D65AAF16EFB /* IRCAutomation.swift */,
				49C7586EAB014C1C95E1D168 /* IRCCommandParser.swift */,
			);
			path = IRC;
			sourceTree = "<group>";
		};
		BAFF978153FEFBC98288B865 /* Social */ = {
			isa = PBXGroup;
			children = (
				2D5B69B87A544419FE5C2911 /* RemoteIdentity.swift */,
				D96DCC7DC708265CC384DC89 /* SocialSignal.swift */,
				C123AABD800E7BE44F5B071D /* TrustRelation.swift */,
			);
			path = Social;
			sourceTree = "<group>";
		};
		C9E9DB7C2281B09165AD78FD /* Debug */ = {
			isa = PBXGroup;
			children = (
				FDE1F18BDE942722566DA463 /* DebugView.swift */,
				110725662E9CAF4F796B6DDC /* RawEventLogView.swift */,
				CDD53F05BF753713991139CE /* WOMObjectInspectorView.swift */,
			);
			path = Debug;
			sourceTree = "<group>";
		};
		CC45187C8720D690484C4929 /* Settings */ = {
			isa = PBXGroup;
			children = (
				032E2B03065B5DAD4439A579 /* AddFeedView.swift */,
				354688CFC206205439A3FFFF /* AddServerView.swift */,
				DAE7D6E8E5F39710B7B47F82 /* SettingsView.swift */,
			);
			path = Settings;
			sourceTree = "<group>";
		};
		E6680ADA8D25684C7089E484 /* Feed */ = {
			isa = PBXGroup;
			children = (
				020931F5C2A78F26DA21B53F /* FeedFetcher.swift */,
				878395F92963933AFF5376AF /* FeedItem.swift */,
				5E66A769A142818053ED76F7 /* FeedParser.swift */,
				D1C0054B7701EAA66473F109 /* FeedSubscription.swift */,
				0E9842883A75E2FC1841C43D /* FeedSubscriptionStore.swift */,
				F48F757875C2347632356611 /* FeedToWOMAdapter.swift */,
			);
			path = Feed;
			sourceTree = "<group>";
		};
		FFC8696CE1066C637F57B71F /* Products */ = {
			isa = PBXGroup;
			children = (
				41C0975A8852038225072B85 /* Wirc.app */,
			);
			name = Products;
			sourceTree = "<group>";
		};
		B418644AD4F24461B3A9FA14 /* Messages */ = {
			isa = PBXGroup;
			children = (
				5A7C88E8A20D471BB406539B /* IRCChatView.swift */,
				A068CB3873B445EF84C567BC /* IRCMessageDeckView.swift */,
				493BFE617DC14CC09BA5E57B /* IRCServerManagerSheet.swift */,
			);
			path = Messages;
			sourceTree = "<group>";
		};
/* End PBXGroup section */

/* Begin PBXNativeTarget section */
		A1AB3BDC760E53F45DDF449F /* Wirc */ = {
			isa = PBXNativeTarget;
			buildConfigurationList = 9A2DF018FD118A326CDAA451 /* Build configuration list for PBXNativeTarget "Wirc" */;
			buildPhases = (
				94DCB8527FE70EE357B02D57 /* Sources */,
				114F80F3B6AFE4A33D80D1EA /* Resources */,
			);
			buildRules = (
			);
			dependencies = (
			);
			name = Wirc;
			packageProductDependencies = (
			);
			productName = Wirc;
			productReference = 41C0975A8852038225072B85 /* Wirc.app */;
			productType = "com.apple.product-type.application";
		};
/* End PBXNativeTarget section */

/* Begin PBXProject section */
		29BDCE3CB8F71A773B43C2E5 /* Project object */ = {
			isa = PBXProject;
			attributes = {
				BuildIndependentTargetsInParallel = YES;
				LastUpgradeCheck = 1430;
				TargetAttributes = {
					A1AB3BDC760E53F45DDF449F = {
						DevelopmentTeam = 955573A4YH;
						ProvisioningStyle = Automatic;
					};
				};
			};
			buildConfigurationList = 277FD5F766BB54412DE2760A /* Build configuration list for PBXProject "Wirc" */;
			developmentRegion = en;
			hasScannedForEncodings = 0;
			knownRegions = (
				Base,
				en,
			);
			mainGroup = 05AF971AE3FAA71E8822420B;
			minimizedProjectReferenceProxies = 1;
			preferredProjectObjectVersion = 77;
			productRefGroup = FFC8696CE1066C637F57B71F /* Products */;
			projectDirPath = "";
			projectRoot = "";
			targets = (
				A1AB3BDC760E53F45DDF449F /* Wirc */,
			);
		};
/* End PBXProject section */

/* Begin PBXResourcesBuildPhase section */
		114F80F3B6AFE4A33D80D1EA /* Resources */ = {
			isa = PBXResourcesBuildPhase;
			buildActionMask = 2147483647;
			files = (
				B9D9F45CF4E0337214450B94 /* SuggestedChannels.json in Resources */,
				57935944E52BD16C7D829850 /* SuggestedServers.json in Resources */,
				67207DDCC898482FBF633D96 /* DefaultFeeds.json in Resources */,
				EC8AF2CDF21393C5E26B11D3 /* mastodon_config.json in Resources */,
			);
			runOnlyForDeploymentPostprocessing = 0;
		};
/* End PBXResourcesBuildPhase section */

/* Begin PBXSourcesBuildPhase section */
		94DCB8527FE70EE357B02D57 /* Sources */ = {
			isa = PBXSourcesBuildPhase;
			buildActionMask = 2147483647;
			files = (
				93F0B76736890A499C0A9A3F /* AddFeedView.swift in Sources */,
				E507E3CC098099E1AACAB37A /* AddServerView.swift in Sources */,
				6E01703388ADF79FF75D4BF5 /* AppState.swift in Sources */,
				2065F4616971143C5E5EE6B2 /* ChatView.swift in Sources */,
				3DC38E9513AAD20E5E04063E /* ConversationListView.swift in Sources */,
				1614A2CBB02FDFECE1C3043F /* DebugView.swift in Sources */,
				A403E8957A992C14D19312EF /* DesignSystem.swift in Sources */,
				3F838981C16016FD2DF0443C /* FeedCard.swift in Sources */,
				D6CCE39854349C77813524F6 /* FeedFetcher.swift in Sources */,
				101E59D30FFAA74118E4E8F7 /* FeedItem.swift in Sources */,
				648CA65F111308F728806EA5 /* FeedParser.swift in Sources */,
				9A32DFFC6C0109974EA32C25 /* FeedSubscription.swift in Sources */,
				6794DF1FEFEEF119002734B6 /* FeedSubscriptionStore.swift in Sources */,
				EB3E4FCDC74623DA8E2D0F0D /* FeedToWOMAdapter.swift in Sources */,
				F9EFA01B3C3E4B74AF13043E /* DefaultFeedsLoader.swift in Sources */,
				97C3D31649C0B6A7776D3892 /* FeedView.swift in Sources */,
				DF00A7A6ADD9370AF764D3D9 /* IRCClient.swift in Sources */,
				DC9D1DFA06EEFA62B253FD57 /* IRCConnectionConfig.swift in Sources */,
				EFAE2659F2ED47FD1DE8817C /* IRCEvent.swift in Sources */,
				D88E678DCB7158297CD4F64B /* IRCMessage.swift in Sources */,
				68F56DB16D64D7DF03FC5C4B /* IRCParser.swift in Sources */,
				6533D9A172E226BB99DD3C15 /* IRCToWOMAdapter.swift in Sources */,
				D3A953C8893F023EFB20D6CB /* InMemoryWOMStore.swift in Sources */,
				798F1A5BB0ECD2C6DB4C27EB /* JSONFileStore.swift in Sources */,
				B36A1CC39ECE5F3BDBBE957B /* MastodonClient.swift in Sources */,
				539C6C9FEBC248FDF7F16F61 /* KeychainStore.swift in Sources */,
				6373D6852F0496AFEA75A677 /* MastodonModels.swift in Sources */,
				D6D4D2F2F8364DD2BFBCC460 /* IRCChatView.swift in Sources */,
				1D0FF75EE99E46A3B0E77932 /* WOMCrypto.swift in Sources */,
				1A062B1DC318475687DB5656 /* WOMCanonicalizer.swift in Sources */,
				0069F910B3BC49ADB0D5765C /* WOMLite.swift in Sources */,
				DF7B718B2314401F989FFD58 /* WOMEncrypted.swift in Sources */,
				FB209114BB2B49689C09A47C /* WOMProof.swift in Sources */,
				80B7B7475A35415CA8E8666D /* FeedManager.swift in Sources */,
				7726A1A5D37A495D834F3925 /* IRCManager.swift in Sources */,
				33B1FDEE49A64552BF250756 /* IRCAutomation.swift in Sources */,
				2A8449521C34403EA7FFE62F /* IRCCommandExecutor.swift in Sources */,
				F8BC07DB36074DAEB2B3476D /* IRCCommandParser.swift in Sources */,
				908719EFEBB845E18C6F2735 /* IRCChannelManager.swift in Sources */,
				DC6CAC5E814A45179FFEEBB2 /* IRCMessageDeckView.swift in Sources */,
				49564F780D13465BA3A7D819 /* IRCServerManagerSheet.swift in Sources */,
				E44885986D6D4884933A8820 /* MastodonToWOMAdapter.swift in Sources */,
				A31014B086E449E4EB6AF1E5 /* MessageView.swift in Sources */,
				7C4C342761F12EED666F7DA6 /* ObjectInspectorSheet.swift in Sources */,
				650ADA11D0E8C152956F478B /* RawEventLogView.swift in Sources */,
				7EC94869472B0565F65A371D /* RemoteIdentity.swift in Sources */,
				89545409416029AA5D6EF14F /* ServerOrchestrator.swift in Sources */,
				4DA3E8A6D23BBF6ED1126E17 /* SettingsView.swift in Sources */,
					C3D4E5F60718293A0B1C2D3E /* StreamView.swift in Sources */,
					A4B5C6D7E8F90019283A4B5E /* LibraryView.swift in Sources */,
					D3C4B5A6E7F801293A0B1C2 /* WorkshopView.swift in Sources */,
				5ACE5505CCF4639B50B95A91 /* SocialSignal.swift in Sources */,
				B28C05DA310EF2AE7F9492A2 /* SuggestedChannels.swift in Sources */,
				28F555CA915D88B0DB64E00F /* SuggestedServers.swift in Sources */,
				208A7FE391E119C11444ECB8 /* TrustRelation.swift in Sources */,
				678A099651CD40DABB67D4BB /* WOMAnnotation.swift in Sources */,
				1E42AF5DCC3C22889B1FB5C6 /* WOMBinding.swift in Sources */,
				B8FA6CA3BEF0D950871DAE84 /* WOMClassification.swift in Sources */,
				83D3F1EA012B94B9F965D8C1 /* WOMContent.swift in Sources */,
				57D623F3F96FCC6090F802F2 /* WOMEnums.swift in Sources */,
				3E814D0755AD1D8801399E5C /* WOMGovernance.swift in Sources */,
				728523B504672CB8A4ECDE94 /* WOMIDGenerator.swift in Sources */,
				F3CA86BEEE333FE4E794472D /* WOMIdentity.swift in Sources */,
				FCA62EE42233B48D04936EE9 /* WOMKnowledge.swift in Sources */,
				5F7A9BB695411458234D8B14 /* WOMObject.swift in Sources */,
				18A08BC4CFC068A4403D2D3A /* WOMObjectInspectorView.swift in Sources */,
				0B92705E9F8535DEFA71075A /* WOMProvenance.swift in Sources */,
				5A564F0F105370D5C227631C /* WOMReference.swift in Sources */,
				32E853A4E4E0CEC0B1D4C104 /* WOMRelation.swift in Sources */,
				6410C014AFB74C80C7CC91BA /* WOMStore.swift in Sources */,
				26B80F99529363367CC97548 /* WOMToIRCAdapter.swift in Sources */,
				7B85E860C10694C08CC3BC3D /* WircApp.swift in Sources */,
			);
			runOnlyForDeploymentPostprocessing = 0;
		};
/* End PBXSourcesBuildPhase section */

/* Begin XCBuildConfiguration section */
		39F54722FA483BA4227EC5E8 /* Release */ = {
			isa = XCBuildConfiguration;
			buildSettings = {
				ALWAYS_SEARCH_USER_PATHS = NO;
				CLANG_ANALYZER_NONNULL = YES;
				CLANG_ANALYZER_NUMBER_OBJECT_CONVERSION = YES_AGGRESSIVE;
				CLANG_CXX_LANGUAGE_STANDARD = "gnu++14";
				CLANG_CXX_LIBRARY = "libc++";
				CLANG_ENABLE_MODULES = YES;
				CLANG_ENABLE_OBJC_ARC = YES;
				CLANG_ENABLE_OBJC_WEAK = YES;
				CLANG_WARN_BLOCK_CAPTURE_AUTORELEASING = YES;
				CLANG_WARN_BOOL_CONVERSION = YES;
				CLANG_WARN_COMMA = YES;
				CLANG_WARN_CONSTANT_CONVERSION = YES;
				CLANG_WARN_DEPRECATED_OBJC_IMPLEMENTATIONS = YES;
				CLANG_WARN_DIRECT_OBJC_ISA_USAGE = YES_ERROR;
				CLANG_WARN_DOCUMENTATION_COMMENTS = YES;
				CLANG_WARN_EMPTY_BODY = YES;
				CLANG_WARN_ENUM_CONVERSION = YES;
				CLANG_WARN_INFINITE_RECURSION = YES;
				CLANG_WARN_INT_CONVERSION = YES;
				CLANG_WARN_NON_LITERAL_NULL_CONVERSION = YES;
				CLANG_WARN_OBJC_IMPLICIT_RETAIN_SELF = YES;
				CLANG_WARN_OBJC_LITERAL_CONVERSION = YES;
				CLANG_WARN_OBJC_ROOT_CLASS = YES_ERROR;
				CLANG_WARN_QUOTED_INCLUDE_IN_FRAMEWORK_HEADER = YES;
				CLANG_WARN_RANGE_LOOP_ANALYSIS = YES;
				CLANG_WARN_STRICT_PROTOTYPES = YES;
				CLANG_WARN_SUSPICIOUS_MOVE = YES;
				CLANG_WARN_UNGUARDED_AVAILABILITY = YES_AGGRESSIVE;
				CLANG_WARN_UNREACHABLE_CODE = YES;
				CLANG_WARN__DUPLICATE_METHOD_MATCH = YES;
				COPY_PHASE_STRIP = NO;
				DEBUG_INFORMATION_FORMAT = "dwarf-with-dsym";
				ENABLE_NS_ASSERTIONS = NO;
				ENABLE_STRICT_OBJC_MSGSEND = YES;
				GCC_C_LANGUAGE_STANDARD = gnu11;
				GCC_NO_COMMON_BLOCKS = YES;
				GCC_WARN_64_TO_32_BIT_CONVERSION = YES;
				GCC_WARN_ABOUT_RETURN_TYPE = YES_ERROR;
				GCC_WARN_UNDECLARED_SELECTOR = YES;
				GCC_WARN_UNINITIALIZED_AUTOS = YES_AGGRESSIVE;
				GCC_WARN_UNUSED_FUNCTION = YES;
				GCC_WARN_UNUSED_VARIABLE = YES;
				IPHONEOS_DEPLOYMENT_TARGET = 17.0;
				MTL_ENABLE_DEBUG_INFO = NO;
				MTL_FAST_MATH = YES;
				PRODUCT_NAME = "$(TARGET_NAME)";
				SDKROOT = iphoneos;
				SWIFT_COMPILATION_MODE = wholemodule;
				SWIFT_OPTIMIZATION_LEVEL = "-O";
				SWIFT_VERSION = 6.0;
			};
			name = Release;
		};
		630603F563FB68CE364C20C6 /* Debug */ = {
			isa = XCBuildConfiguration;
			buildSettings = {
				ALWAYS_SEARCH_USER_PATHS = NO;
				CLANG_ANALYZER_NONNULL = YES;
				CLANG_ANALYZER_NUMBER_OBJECT_CONVERSION = YES_AGGRESSIVE;
				CLANG_CXX_LANGUAGE_STANDARD = "gnu++14";
				CLANG_CXX_LIBRARY = "libc++";
				CLANG_ENABLE_MODULES = YES;
				CLANG_ENABLE_OBJC_ARC = YES;
				CLANG_ENABLE_OBJC_WEAK = YES;
				CLANG_WARN_BLOCK_CAPTURE_AUTORELEASING = YES;
				CLANG_WARN_BOOL_CONVERSION = YES;
				CLANG_WARN_COMMA = YES;
				CLANG_WARN_CONSTANT_CONVERSION = YES;
				CLANG_WARN_DEPRECATED_OBJC_IMPLEMENTATIONS = YES;
				CLANG_WARN_DIRECT_OBJC_ISA_USAGE = YES_ERROR;
				CLANG_WARN_DOCUMENTATION_COMMENTS = YES;
				CLANG_WARN_EMPTY_BODY = YES;
				CLANG_WARN_ENUM_CONVERSION = YES;
				CLANG_WARN_INFINITE_RECURSION = YES;
				CLANG_WARN_INT_CONVERSION = YES;
				CLANG_WARN_NON_LITERAL_NULL_CONVERSION = YES;
				CLANG_WARN_OBJC_IMPLICIT_RETAIN_SELF = YES;
				CLANG_WARN_OBJC_LITERAL_CONVERSION = YES;
				CLANG_WARN_OBJC_ROOT_CLASS = YES_ERROR;
				CLANG_WARN_QUOTED_INCLUDE_IN_FRAMEWORK_HEADER = YES;
				CLANG_WARN_RANGE_LOOP_ANALYSIS = YES;
				CLANG_WARN_STRICT_PROTOTYPES = YES;
				CLANG_WARN_SUSPICIOUS_MOVE = YES;
				CLANG_WARN_UNGUARDED_AVAILABILITY = YES_AGGRESSIVE;
				CLANG_WARN_UNREACHABLE_CODE = YES;
				CLANG_WARN__DUPLICATE_METHOD_MATCH = YES;
				COPY_PHASE_STRIP = NO;
				DEBUG_INFORMATION_FORMAT = dwarf;
				ENABLE_STRICT_OBJC_MSGSEND = YES;
				ENABLE_TESTABILITY = YES;
				GCC_C_LANGUAGE_STANDARD = gnu11;
				GCC_DYNAMIC_NO_PIC = NO;
				GCC_NO_COMMON_BLOCKS = YES;
				GCC_OPTIMIZATION_LEVEL = 0;
				GCC_PREPROCESSOR_DEFINITIONS = (
					"$(inherited)",
					"DEBUG=1",
				);
				GCC_WARN_64_TO_32_BIT_CONVERSION = YES;
				GCC_WARN_ABOUT_RETURN_TYPE = YES_ERROR;
				GCC_WARN_UNDECLARED_SELECTOR = YES;
				GCC_WARN_UNINITIALIZED_AUTOS = YES_AGGRESSIVE;
				GCC_WARN_UNUSED_FUNCTION = YES;
				GCC_WARN_UNUSED_VARIABLE = YES;
				IPHONEOS_DEPLOYMENT_TARGET = 17.0;
				MTL_ENABLE_DEBUG_INFO = INCLUDE_SOURCE;
				MTL_FAST_MATH = YES;
				ONLY_ACTIVE_ARCH = YES;
				PRODUCT_NAME = "$(TARGET_NAME)";
				SDKROOT = iphoneos;
				SWIFT_ACTIVE_COMPILATION_CONDITIONS = DEBUG;
				SWIFT_OPTIMIZATION_LEVEL = "-Onone";
				SWIFT_VERSION = 6.0;
			};
			name = Debug;
		};
		A6B1F0573EE51360B14E6846 /* Release */ = {
			isa = XCBuildConfiguration;
			buildSettings = {
				ASSETCATALOG_COMPILER_APPICON_NAME = AppIcon;
				CODE_SIGN_IDENTITY = "iPhone Developer";
				CODE_SIGN_STYLE = Automatic;
				DEVELOPMENT_TEAM = 955573A4YH;
				INFOPLIST_FILE = WircApp/App/Info.plist;
				LD_RUNPATH_SEARCH_PATHS = (
					"$(inherited)",
					"@executable_path/Frameworks",
				);
				PRODUCT_BUNDLE_IDENTIFIER = com.wirc.wirc;
				SDKROOT = iphoneos;
				TARGETED_DEVICE_FAMILY = "1,2";
			};
			name = Release;
		};
		A91B75FA535D20A838EEFDFA /* Debug */ = {
			isa = XCBuildConfiguration;
			buildSettings = {
				ASSETCATALOG_COMPILER_APPICON_NAME = AppIcon;
				CODE_SIGN_IDENTITY = "iPhone Developer";
				CODE_SIGN_STYLE = Automatic;
				DEVELOPMENT_TEAM = 955573A4YH;
				INFOPLIST_FILE = WircApp/App/Info.plist;
				LD_RUNPATH_SEARCH_PATHS = (
					"$(inherited)",
					"@executable_path/Frameworks",
				);
				PRODUCT_BUNDLE_IDENTIFIER = com.wirc.wirc;
				SDKROOT = iphoneos;
				TARGETED_DEVICE_FAMILY = "1,2";
			};
			name = Debug;
		};
/* End XCBuildConfiguration section */

/* Begin XCConfigurationList section */
		277FD5F766BB54412DE2760A /* Build configuration list for PBXProject "Wirc" */ = {
			isa = XCConfigurationList;
			buildConfigurations = (
				630603F563FB68CE364C20C6 /* Debug */,
				39F54722FA483BA4227EC5E8 /* Release */,
			);
			defaultConfigurationIsVisible = 0;
			defaultConfigurationName = Debug;
		};
		9A2DF018FD118A326CDAA451 /* Build configuration list for PBXNativeTarget "Wirc" */ = {
			isa = XCConfigurationList;
			buildConfigurations = (
				A91B75FA535D20A838EEFDFA /* Debug */,
				A6B1F0573EE51360B14E6846 /* Release */,
			);
			defaultConfigurationIsVisible = 0;
			defaultConfigurationName = Debug;
		};
/* End XCConfigurationList section */
	};
	rootObject = 29BDCE3CB8F71A773B43C2E5 /* Project object */;
}
