// !$*UTF8*$!
{
	archiveVersion = 1;
	classes = {
	};
	objectVersion = 77;
	objects = {

/* Begin PBXBuildFile section */
		0321DB719449E908543B42D7 /* MastodonModels.swift in Sources */ = {isa = PBXBuildFile; fileRef = 815680B4BC81DB53CC5FF15C /* MastodonModels.swift */; };
		0B92705E9F8535DEFA71075A /* WOMProvenance.swift in Sources */ = {isa = PBXBuildFile; fileRef = BB33105D31E371B41A8F523F /* WOMProvenance.swift */; };
		0E79721E391572C8F3FEACA8 /* ServerOrchestrator.swift in Sources */ = {isa = PBXBuildFile; fileRef = 066959F884124BB54D566DB8 /* ServerOrchestrator.swift */; };
		1614A2CBB02FDFECE1C3043F /* DebugView.swift in Sources */ = {isa = PBXBuildFile; fileRef = FDE1F18BDE942722566DA463 /* DebugView.swift */; };
		18A08BC4CFC068A4403D2D3A /* WOMObjectInspectorView.swift in Sources */ = {isa = PBXBuildFile; fileRef = CDD53F05BF753713991139CE /* WOMObjectInspectorView.swift */; };
		1E7309729E3F1AB05DECCE2C /* SuggestedServers.swift in Sources */ = {isa = PBXBuildFile; fileRef = 2EDEE90879321C092799188C /* SuggestedServers.swift */; };
		2065F4616971143C5E5EE6B2 /* ChatView.swift in Sources */ = {isa = PBXBuildFile; fileRef = 9D3473D7CE010F204E8D51A3 /* ChatView.swift */; };
		208A7FE391E119C11444ECB8 /* TrustRelation.swift in Sources */ = {isa = PBXBuildFile; fileRef = C123AABD800E7BE44F5B071D /* TrustRelation.swift */; };
		26B80F99529363367CC97548 /* WOMToIRCAdapter.swift in Sources */ = {isa = PBXBuildFile; fileRef = B62E6C1D03888795A63181F4 /* WOMToIRCAdapter.swift */; };
		32E853A4E4E0CEC0B1D4C104 /* WOMRelation.swift in Sources */ = {isa = PBXBuildFile; fileRef = 906BE3C7E975E7E8264B40A1 /* WOMRelation.swift */; };
		3DC38E9513AAD20E5E04063E /* ConversationListView.swift in Sources */ = {isa = PBXBuildFile; fileRef = 1F1B694593898DDB87326792 /* ConversationListView.swift */; };
		3F838981C16016FD2DF0443C /* FeedCard.swift in Sources */ = {isa = PBXBuildFile; fileRef = 02BFA0A70998650F4CAD3670 /* FeedCard.swift */; };
		444444445555555566666666 /* FeedSubscription.swift in Sources */ = {isa = PBXBuildFile; fileRef = DDDDDDDDEEEEEEEEFFFFFFFF /* FeedSubscription.swift */; };
		4DA3E8A6D23BBF6ED1126E17 /* SettingsView.swift in Sources */ = {isa = PBXBuildFile; fileRef = DAE7D6E8E5F39710B7B47F82 /* SettingsView.swift */; };
		5A564F0F105370D5C227631C /* WOMReference.swift in Sources */ = {isa = PBXBuildFile; fileRef = 483BB0DC491D7758B7C2E381 /* WOMReference.swift */; };
		5ACE5505CCF4639B50B95A91 /* SocialSignal.swift in Sources */ = {isa = PBXBuildFile; fileRef = D96DCC7DC708265CC384DC89 /* SocialSignal.swift */; };
		5C5C5C5C6D6D6D6D7E7E7E7E /* FeedFetcher.swift in Sources */ = {isa = PBXBuildFile; fileRef = 8F8F8F8F9A9A9A9ABBBBBBBB /* FeedFetcher.swift */; };
		5F7A9BB695411458234D8B14 /* WOMObject.swift in Sources */ = {isa = PBXBuildFile; fileRef = C551D1B9BDE12B3F3C761078 /* WOMObject.swift */; };
		6410C014AFB74C80C7CC91BA /* WOMStore.swift in Sources */ = {isa = PBXBuildFile; fileRef = 5B7847091404A9B9666E9D5F /* WOMStore.swift */; };
		650ADA11D0E8C152956F478B /* RawEventLogView.swift in Sources */ = {isa = PBXBuildFile; fileRef = 110725662E9CAF4F796B6DDC /* RawEventLogView.swift */; };
		6533D9A172E226BB99DD3C15 /* IRCToWOMAdapter.swift in Sources */ = {isa = PBXBuildFile; fileRef = D6A2821582A3BC105EEF454C /* IRCToWOMAdapter.swift */; };
		68F56DB16D64D7DF03FC5C4B /* IRCParser.swift in Sources */ = {isa = PBXBuildFile; fileRef = BF814FAA578F93CB5FC90BB5 /* IRCParser.swift */; };
		6E01703388ADF79FF75D4BF5 /* AppState.swift in Sources */ = {isa = PBXBuildFile; fileRef = AEC539290F0DCC4E113874FF /* AppState.swift */; };
		728523B504672CB8A4ECDE94 /* WOMIDGenerator.swift in Sources */ = {isa = PBXBuildFile; fileRef = 02F21BC17F83816701A37D7B /* WOMIDGenerator.swift */; };
		7B85E860C10694C08CC3BC3D /* WircApp.swift in Sources */ = {isa = PBXBuildFile; fileRef = 9FA00F37E1FF2C32DDF280ED /* WircApp.swift */; };
		7EC94869472B0565F65A371D /* RemoteIdentity.swift in Sources */ = {isa = PBXBuildFile; fileRef = 2D5B69B87A544419FE5C2911 /* RemoteIdentity.swift */; };
		83D3F1EA012B94B9F965D8C1 /* WOMContent.swift in Sources */ = {isa = PBXBuildFile; fileRef = 116B884F1396D33A37753847 /* WOMContent.swift */; };
		97C3D31649C0B6A7776D3892 /* FeedView.swift in Sources */ = {isa = PBXBuildFile; fileRef = AA35FC732F83C26AF70D03B1 /* FeedView.swift */; };
		A1B2C3D4E5F6A7B8C9D0E1F2 /* FeedToWOMAdapter.swift in Sources */ = {isa = PBXBuildFile; fileRef = F2E1D0C9B8A7F6E5D4C3B2A1 /* FeedToWOMAdapter.swift */; };
		A31014B086E449E4EB6AF1E5 /* MessageView.swift in Sources */ = {isa = PBXBuildFile; fileRef = 36941508DA40D61ED2A49585 /* MessageView.swift */; };
		AAAAAAAAAABBBBBBBBCCCCCCCC /* FeedItem.swift in Sources */ = {isa = PBXBuildFile; fileRef = BBBBBBBBCCCCCCCCDDDDDDDD /* FeedItem.swift */; };
		B28C05DA310EF2AE7F9492A2 /* SuggestedChannels.swift in Sources */ = {isa = PBXBuildFile; fileRef = 0498ACC5E264A6704F285BBE /* SuggestedChannels.swift */; };
		B9D9F45CF4E0337214450B94 /* SuggestedChannels.json in Resources */ = {isa = PBXBuildFile; fileRef = 2B02469B01F721B6169799B0 /* SuggestedChannels.json */; };
		CAFEBABECAFEBABECAFEBABE /* SuggestedServers.json in Resources */ = {isa = PBXBuildFile; fileRef = 2C3C4C5C6C7C8C9CD0D1D2D3 /* SuggestedServers.json */; };
		D3A953C8893F023EFB20D6CB /* InMemoryWOMStore.swift in Sources */ = {isa = PBXBuildFile; fileRef = 4A9D83E615CA39680B6D1405 /* InMemoryWOMStore.swift */; };
		D79DDF4532539CA96597B082 /* MastodonClient.swift in Sources */ = {isa = PBXBuildFile; fileRef = 098C33EE3740C35AC65780A5 /* MastodonClient.swift */; };
		D88E678DCB7158297CD4F64B /* IRCMessage.swift in Sources */ = {isa = PBXBuildFile; fileRef = 3DD2E68D088CDE5CE20AE674 /* IRCMessage.swift */; };
		DC9D1DFA06EEFA62B253FD57 /* IRCConnectionConfig.swift in Sources */ = {isa = PBXBuildFile; fileRef = 6326E3AE770420F6AF2E043E /* IRCConnectionConfig.swift */; };
		DF00A7A6ADD9370AF764D3D9 /* IRCClient.swift in Sources */ = {isa = PBXBuildFile; fileRef = C9C0B724FA14588CD378CBD1 /* IRCClient.swift */; };
		E507E3CC098099E1AACAB37A /* AddServerView.swift in Sources */ = {isa = PBXBuildFile; fileRef = 354688CFC206205439A3FFFF /* AddServerView.swift */; };
		E7D6C5B4A3F2918071655443 /* JSONFileStore.swift in Sources */ = {isa = PBXBuildFile; fileRef = A7B8C9D0E1F2233445566778 /* JSONFileStore.swift */; };
		EF517AD1E1D77FAD27B0D5AB /* MastodonToWOMAdapter.swift in Sources */ = {isa = PBXBuildFile; fileRef = 017E92332FC3BF2D7DE6AA27 /* MastodonToWOMAdapter.swift */; };
		EFAE2659F2ED47FD1DE8817C /* IRCEvent.swift in Sources */ = {isa = PBXBuildFile; fileRef = DD36B880B97E4EDF5E8A0309 /* IRCEvent.swift */; };
		F1F1F1F1F2F2F2F2F3F3F3F3 /* FeedSubscriptionStore.swift in Sources */ = {isa = PBXBuildFile; fileRef = F4F4F4F4F5F5F5F5F6F6F6F6 /* FeedSubscriptionStore.swift */; };
		FEEDPARSER1234567890BUILD /* FeedParser.swift in Sources */ = {isa = PBXBuildFile; fileRef = FEEDPARSER1234567890FILE /* FeedParser.swift */; };
		ADD2FEED00000000B1LD00001 /* AddFeedView.swift in Sources */ = {isa = PBXBuildFile; fileRef = ADD2FEED00000000F1LE00001 /* AddFeedView.swift */; };
		DE7D184324314EBDA9D7C10F /* WOMEnums.swift in Sources */ = {isa = PBXBuildFile; fileRef = 3331AB2364A64855909AE6E5 /* WOMEnums.swift */; };
		20CEB53B3A4D4F1481B78C38 /* WOMIdentity.swift in Sources */ = {isa = PBXBuildFile; fileRef = 30B1F03CDECC445AA08683D4 /* WOMIdentity.swift */; };
		A4A163E3334944F2ABB66C37 /* WOMGovernance.swift in Sources */ = {isa = PBXBuildFile; fileRef = AB6A1226F2D040C0AAE24D26 /* WOMGovernance.swift */; };
		740A9C78E57B415483467487 /* WOMBinding.swift in Sources */ = {isa = PBXBuildFile; fileRef = 024936CA70234DABA57E57C5 /* WOMBinding.swift */; };
		475504590B13492BAF4BA62B /* WOMClassification.swift in Sources */ = {isa = PBXBuildFile; fileRef = 14FFCDA6114D4EE1999C5463 /* WOMClassification.swift */; };
		A22AA90B294346FEA3AD5495 /* WOMAnnotation.swift in Sources */ = {isa = PBXBuildFile; fileRef = E39097EB48744C1A90FC8A7F /* WOMAnnotation.swift */; };
		533A5901BA3B4707B2E4F606 /* WOMKnowledge.swift in Sources */ = {isa = PBXBuildFile; fileRef = A0FDA4C498AD4404A12BAE5F /* WOMKnowledge.swift */; };
			DBFCCC1FEC10425FACD1A49F /* DesignSystem.swift in Sources */ = {isa = PBXBuildFile; fileRef = DB7EF7000E6A4646B59A426A /* DesignSystem.swift */; };
/* End PBXBuildFile section */

/* Begin PBXFileReference section */
		017E92332FC3BF2D7DE6AA27 /* MastodonToWOMAdapter.swift */ = {isa = PBXFileReference; includeInIndex = 1; lastKnownFileType = sourcecode.swift; name = MastodonToWOMAdapter.swift; path = MastodonToWOMAdapter.swift; sourceTree = "<group>"; };
		02BFA0A70998650F4CAD3670 /* FeedCard.swift */ = {isa = PBXFileReference; lastKnownFileType = sourcecode.swift; path = FeedCard.swift; sourceTree = "<group>"; };
		02F21BC17F83816701A37D7B /* WOMIDGenerator.swift */ = {isa = PBXFileReference; lastKnownFileType = sourcecode.swift; path = WOMIDGenerator.swift; sourceTree = "<group>"; };
		0498ACC5E264A6704F285BBE /* SuggestedChannels.swift */ = {isa = PBXFileReference; lastKnownFileType = sourcecode.swift; path = SuggestedChannels.swift; sourceTree = "<group>"; };
		066959F884124BB54D566DB8 /* ServerOrchestrator.swift */ = {isa = PBXFileReference; includeInIndex = 1; lastKnownFileType = sourcecode.swift; name = ServerOrchestrator.swift; path = ServerOrchestrator.swift; sourceTree = "<group>"; };
		098C33EE3740C35AC65780A5 /* MastodonClient.swift */ = {isa = PBXFileReference; includeInIndex = 1; lastKnownFileType = sourcecode.swift; name = MastodonClient.swift; path = MastodonClient.swift; sourceTree = "<group>"; };
		110725662E9CAF4F796B6DDC /* RawEventLogView.swift */ = {isa = PBXFileReference; lastKnownFileType = sourcecode.swift; path = RawEventLogView.swift; sourceTree = "<group>"; };
		116B884F1396D33A37753847 /* WOMContent.swift */ = {isa = PBXFileReference; lastKnownFileType = sourcecode.swift; path = WOMContent.swift; sourceTree = "<group>"; };
		1F1B694593898DDB87326792 /* ConversationListView.swift */ = {isa = PBXFileReference; lastKnownFileType = sourcecode.swift; path = ConversationListView.swift; sourceTree = "<group>"; };
		2B02469B01F721B6169799B0 /* SuggestedChannels.json */ = {isa = PBXFileReference; lastKnownFileType = text.json; path = SuggestedChannels.json; sourceTree = "<group>"; };
		2C3C4C5C6C7C8C9CD0D1D2D3 /* SuggestedServers.json */ = {isa = PBXFileReference; lastKnownFileType = text.json; path = SuggestedServers.json; sourceTree = "<group>"; };
		2D5B69B87A544419FE5C2911 /* RemoteIdentity.swift */ = {isa = PBXFileReference; lastKnownFileType = sourcecode.swift; path = RemoteIdentity.swift; sourceTree = "<group>"; };
		2EDEE90879321C092799188C /* SuggestedServers.swift */ = {isa = PBXFileReference; includeInIndex = 1; lastKnownFileType = sourcecode.swift; name = SuggestedServers.swift; path = SuggestedServers.swift; sourceTree = "<group>"; };
		354688CFC206205439A3FFFF /* AddServerView.swift */ = {isa = PBXFileReference; lastKnownFileType = sourcecode.swift; path = AddServerView.swift; sourceTree = "<group>"; };
		36941508DA40D61ED2A49585 /* MessageView.swift */ = {isa = PBXFileReference; lastKnownFileType = sourcecode.swift; path = MessageView.swift; sourceTree = "<group>"; };
		3DD2E68D088CDE5CE20AE674 /* IRCMessage.swift */ = {isa = PBXFileReference; lastKnownFileType = sourcecode.swift; path = IRCMessage.swift; sourceTree = "<group>"; };
		41C0975A8852038225072B85 /* Wirc.app */ = {isa = PBXFileReference; includeInIndex = 0; lastKnownFileType = wrapper.application; path = Wirc.app; sourceTree = BUILT_PRODUCTS_DIR; };
		483BB0DC491D7758B7C2E381 /* WOMReference.swift */ = {isa = PBXFileReference; lastKnownFileType = sourcecode.swift; path = WOMReference.swift; sourceTree = "<group>"; };
		4A9D83E615CA39680B6D1405 /* InMemoryWOMStore.swift */ = {isa = PBXFileReference; lastKnownFileType = sourcecode.swift; path = InMemoryWOMStore.swift; sourceTree = "<group>"; };
		5B7847091404A9B9666E9D5F /* WOMStore.swift */ = {isa = PBXFileReference; lastKnownFileType = sourcecode.swift; path = WOMStore.swift; sourceTree = "<group>"; };
		6326E3AE770420F6AF2E043E /* IRCConnectionConfig.swift */ = {isa = PBXFileReference; lastKnownFileType = sourcecode.swift; path = IRCConnectionConfig.swift; sourceTree = "<group>"; };
		815680B4BC81DB53CC5FF15C /* MastodonModels.swift */ = {isa = PBXFileReference; includeInIndex = 1; lastKnownFileType = sourcecode.swift; name = MastodonModels.swift; path = MastodonModels.swift; sourceTree = "<group>"; };
		8F8F8F8F9A9A9A9ABBBBBBBB /* FeedFetcher.swift */ = {isa = PBXFileReference; lastKnownFileType = sourcecode.swift; path = FeedFetcher.swift; sourceTree = "<group>"; };
		906BE3C7E975E7E8264B40A1 /* WOMRelation.swift */ = {isa = PBXFileReference; lastKnownFileType = sourcecode.swift; path = WOMRelation.swift; sourceTree = "<group>"; };
		9D3473D7CE010F204E8D51A3 /* ChatView.swift */ = {isa = PBXFileReference; lastKnownFileType = sourcecode.swift; path = ChatView.swift; sourceTree = "<group>"; };
		9FA00F37E1FF2C32DDF280ED /* WircApp.swift */ = {isa = PBXFileReference; lastKnownFileType = sourcecode.swift; path = WircApp.swift; sourceTree = "<group>"; };
		A7B8C9D0E1F2233445566778 /* JSONFileStore.swift */ = {isa = PBXFileReference; lastKnownFileType = sourcecode.swift; path = JSONFileStore.swift; sourceTree = "<group>"; };
		AA35FC732F83C26AF70D03B1 /* FeedView.swift */ = {isa = PBXFileReference; lastKnownFileType = sourcecode.swift; path = FeedView.swift; sourceTree = "<group>"; };
		AEC539290F0DCC4E113874FF /* AppState.swift */ = {isa = PBXFileReference; lastKnownFileType = sourcecode.swift; path = AppState.swift; sourceTree = "<group>"; };
		B62E6C1D03888795A63181F4 /* WOMToIRCAdapter.swift */ = {isa = PBXFileReference; lastKnownFileType = sourcecode.swift; path = WOMToIRCAdapter.swift; sourceTree = "<group>"; };
		BB33105D31E371B41A8F523F /* WOMProvenance.swift */ = {isa = PBXFileReference; lastKnownFileType = sourcecode.swift; path = WOMProvenance.swift; sourceTree = "<group>"; };
		BBBBBBBBCCCCCCCCDDDDDDDD /* FeedItem.swift */ = {isa = PBXFileReference; lastKnownFileType = sourcecode.swift; path = FeedItem.swift; sourceTree = "<group>"; };
		BF814FAA578F93CB5FC90BB5 /* IRCParser.swift */ = {isa = PBXFileReference; lastKnownFileType = sourcecode.swift; path = IRCParser.swift; sourceTree = "<group>"; };
		C123AABD800E7BE44F5B071D /* TrustRelation.swift */ = {isa = PBXFileReference; lastKnownFileType = sourcecode.swift; path = TrustRelation.swift; sourceTree = "<group>"; };
		C551D1B9BDE12B3F3C761078 /* WOMObject.swift */ = {isa = PBXFileReference; lastKnownFileType = sourcecode.swift; path = WOMObject.swift; sourceTree = "<group>"; };
		C6C049CD72667A707D2C2029 /* Info.plist */ = {isa = PBXFileReference; lastKnownFileType = text.plist; path = Info.plist; sourceTree = "<group>"; };
		C9C0B724FA14588CD378CBD1 /* IRCClient.swift */ = {isa = PBXFileReference; lastKnownFileType = sourcecode.swift; path = IRCClient.swift; sourceTree = "<group>"; };
		CDD53F05BF753713991139CE /* WOMObjectInspectorView.swift */ = {isa = PBXFileReference; lastKnownFileType = sourcecode.swift; path = WOMObjectInspectorView.swift; sourceTree = "<group>"; };
		D6A2821582A3BC105EEF454C /* IRCToWOMAdapter.swift */ = {isa = PBXFileReference; lastKnownFileType = sourcecode.swift; path = IRCToWOMAdapter.swift; sourceTree = "<group>"; };
		D96DCC7DC708265CC384DC89 /* SocialSignal.swift */ = {isa = PBXFileReference; lastKnownFileType = sourcecode.swift; path = SocialSignal.swift; sourceTree = "<group>"; };
		DAE7D6E8E5F39710B7B47F82 /* SettingsView.swift */ = {isa = PBXFileReference; lastKnownFileType = sourcecode.swift; path = SettingsView.swift; sourceTree = "<group>"; };
		DD36B880B97E4EDF5E8A0309 /* IRCEvent.swift */ = {isa = PBXFileReference; lastKnownFileType = sourcecode.swift; path = IRCEvent.swift; sourceTree = "<group>"; };
		DDDDDDDDEEEEEEEEFFFFFFFF /* FeedSubscription.swift */ = {isa = PBXFileReference; lastKnownFileType = sourcecode.swift; path = FeedSubscription.swift; sourceTree = "<group>"; };
		F2E1D0C9B8A7F6E5D4C3B2A1 /* FeedToWOMAdapter.swift */ = {isa = PBXFileReference; lastKnownFileType = sourcecode.swift; path = FeedToWOMAdapter.swift; sourceTree = "<group>"; };
		F4F4F4F4F5F5F5F5F6F6F6F6 /* FeedSubscriptionStore.swift */ = {isa = PBXFileReference; lastKnownFileType = sourcecode.swift; path = FeedSubscriptionStore.swift; sourceTree = "<group>"; };
		FDE1F18BDE942722566DA463 /* DebugView.swift */ = {isa = PBXFileReference; lastKnownFileType = sourcecode.swift; path = DebugView.swift; sourceTree = "<group>"; };
		FEEDPARSER1234567890FILE /* FeedParser.swift */ = {isa = PBXFileReference; lastKnownFileType = sourcecode.swift; path = FeedParser.swift; sourceTree = "<group>"; };
		ADD2FEED00000000F1LE00001 /* AddFeedView.swift */ = {isa = PBXFileReference; lastKnownFileType = sourcecode.swift; path = AddFeedView.swift; sourceTree = "<group>"; };
		3331AB2364A64855909AE6E5 /* WOMEnums.swift */ = {isa = PBXFileReference; lastKnownFileType = sourcecode.swift; path = WOMEnums.swift; sourceTree = "<group>"; };
		30B1F03CDECC445AA08683D4 /* WOMIdentity.swift */ = {isa = PBXFileReference; lastKnownFileType = sourcecode.swift; path = WOMIdentity.swift; sourceTree = "<group>"; };
		AB6A1226F2D040C0AAE24D26 /* WOMGovernance.swift */ = {isa = PBXFileReference; lastKnownFileType = sourcecode.swift; path = WOMGovernance.swift; sourceTree = "<group>"; };
		024936CA70234DABA57E57C5 /* WOMBinding.swift */ = {isa = PBXFileReference; lastKnownFileType = sourcecode.swift; path = WOMBinding.swift; sourceTree = "<group>"; };
		14FFCDA6114D4EE1999C5463 /* WOMClassification.swift */ = {isa = PBXFileReference; lastKnownFileType = sourcecode.swift; path = WOMClassification.swift; sourceTree = "<group>"; };
		E39097EB48744C1A90FC8A7F /* WOMAnnotation.swift */ = {isa = PBXFileReference; lastKnownFileType = sourcecode.swift; path = WOMAnnotation.swift; sourceTree = "<group>"; };
		A0FDA4C498AD4404A12BAE5F /* WOMKnowledge.swift */ = {isa = PBXFileReference; lastKnownFileType = sourcecode.swift; path = WOMKnowledge.swift; sourceTree = "<group>"; };
			DB7EF7000E6A4646B59A426A /* DesignSystem.swift */ = {isa = PBXFileReference; lastKnownFileType = sourcecode.swift; path = DesignSystem.swift; sourceTree = "<group>"; };
/* End PBXFileReference section */

/* Begin PBXGroup section */
		05AF971AE3FAA71E8822420B = {
			isa = PBXGroup;
			children = (
				49FCCA37D5C72DCC660EA0C9 /* WircApp */,
				FFC8696CE1066C637F57B71F /* Products */,
			);
			sourceTree = "<group>";
		};
		1339EE67F10569CE15BD969C /* Persistence */ = {
			isa = PBXGroup;
			children = (
				4A9D83E615CA39680B6D1405 /* InMemoryWOMStore.swift */,
				5B7847091404A9B9666E9D5F /* WOMStore.swift */,
				A7B8C9D0E1F2233445566778 /* JSONFileStore.swift */,
			);
			path = Persistence;
			sourceTree = "<group>";
		};
		1630CD59B693017756A31073 /* Mastodon */ = {
			isa = PBXGroup;
			children = (
				098C33EE3740C35AC65780A5 /* MastodonClient.swift */,
				815680B4BC81DB53CC5FF15C /* MastodonModels.swift */,
				017E92332FC3BF2D7DE6AA27 /* MastodonToWOMAdapter.swift */,
			);
			name = Mastodon;
			path = Mastodon;
			sourceTree = "<group>";
		};
		237682781EF8DA6DC129DCA0 /* WOM */ = {
			isa = PBXGroup;
			children = (
				116B884F1396D33A37753847 /* WOMContent.swift */,
				02F21BC17F83816701A37D7B /* WOMIDGenerator.swift */,
				C551D1B9BDE12B3F3C761078 /* WOMObject.swift */,
				BB33105D31E371B41A8F523F /* WOMProvenance.swift */,
				483BB0DC491D7758B7C2E381 /* WOMReference.swift */,
				906BE3C7E975E7E8264B40A1 /* WOMRelation.swift */,
				3331AB2364A64855909AE6E5 /* WOMEnums.swift */,
				30B1F03CDECC445AA08683D4 /* WOMIdentity.swift */,
				AB6A1226F2D040C0AAE24D26 /* WOMGovernance.swift */,
				024936CA70234DABA57E57C5 /* WOMBinding.swift */,
				14FFCDA6114D4EE1999C5463 /* WOMClassification.swift */,
				E39097EB48744C1A90FC8A7F /* WOMAnnotation.swift */,
				A0FDA4C498AD4404A12BAE5F /* WOMKnowledge.swift */,
			);
			path = WOM;
			sourceTree = "<group>";
		};
		41BEDA225A54264DD8C5FD31 /* App */ = {
			isa = PBXGroup;
			children = (
				AEC539290F0DCC4E113874FF /* AppState.swift */,
				C6C049CD72667A707D2C2029 /* Info.plist */,
				9FA00F37E1FF2C32DDF280ED /* WircApp.swift */,
			);
			path = App;
			sourceTree = "<group>";
		};
		49FCCA37D5C72DCC660EA0C9 /* WircApp */ = {
			isa = PBXGroup;
			children = (
				41BEDA225A54264DD8C5FD31 /* App */,
				5C9339764535359A67C64440 /* Core */,
				4D192D13D778589633FC6E68 /* Features */,
				9C0147EDB6A337029D8E056C /* Infrastructure */,
			);
			path = WircApp;
			sourceTree = "<group>";
		};
		4D192D13D778589633FC6E68 /* Features */ = {
			isa = PBXGroup;
			children = (
				4E0777227E87289411EBA1CB /* Chat */,
				C9E9DB7C2281B09165AD78FD /* Debug */,
				88F4DD70905DEE09FC3CBF1B /* Feed */,
				CC45187C8720D690484C4929 /* Settings */,
			);
			path = Features;
			sourceTree = "<group>";
		};
		4E0777227E87289411EBA1CB /* Chat */ = {
			isa = PBXGroup;
			children = (
				9D3473D7CE010F204E8D51A3 /* ChatView.swift */,
				1F1B694593898DDB87326792 /* ConversationListView.swift */,
				36941508DA40D61ED2A49585 /* MessageView.swift */,
			);
			path = Chat;
			sourceTree = "<group>";
		};
		5C9339764535359A67C64440 /* Core */ = {
			isa = PBXGroup;
			children = (
				BAFF978153FEFBC98288B865 /* Social */,
				237682781EF8DA6DC129DCA0 /* WOM */,
				DB7EF7000E6A4646B59A426A /* DesignSystem.swift */,
			);
			path = Core;
			sourceTree = "<group>";
		};
		777777778888888899999999 /* Feed */ = {
			isa = PBXGroup;
			children = (
				BBBBBBBBCCCCCCCCDDDDDDDD /* FeedItem.swift */,
				DDDDDDDDEEEEEEEEFFFFFFFF /* FeedSubscription.swift */,
				F4F4F4F4F5F5F5F5F6F6F6F6 /* FeedSubscriptionStore.swift */,
				FEEDPARSER1234567890FILE /* FeedParser.swift */,
				8F8F8F8F9A9A9A9ABBBBBBBB /* FeedFetcher.swift */,
				F2E1D0C9B8A7F6E5D4C3B2A1 /* FeedToWOMAdapter.swift */,
			);
			path = Feed;
			sourceTree = "<group>";
		};
		88F4DD70905DEE09FC3CBF1B /* Feed */ = {
			isa = PBXGroup;
			children = (
				02BFA0A70998650F4CAD3670 /* FeedCard.swift */,
				AA35FC732F83C26AF70D03B1 /* FeedView.swift */,
			);
			path = Feed;
			sourceTree = "<group>";
		};
		9C0147EDB6A337029D8E056C /* Infrastructure */ = {
			isa = PBXGroup;
			children = (
				777777778888888899999999 /* Feed */,
				9D6E03E92B2659AB6B6A9176 /* IRC */,
				1339EE67F10569CE15BD969C /* Persistence */,
				1630CD59B693017756A31073 /* Mastodon */,
			);
			path = Infrastructure;
			sourceTree = "<group>";
		};
		9D6E03E92B2659AB6B6A9176 /* IRC */ = {
			isa = PBXGroup;
			children = (
				C9C0B724FA14588CD378CBD1 /* IRCClient.swift */,
				6326E3AE770420F6AF2E043E /* IRCConnectionConfig.swift */,
				DD36B880B97E4EDF5E8A0309 /* IRCEvent.swift */,
				3DD2E68D088CDE5CE20AE674 /* IRCMessage.swift */,
				BF814FAA578F93CB5FC90BB5 /* IRCParser.swift */,
				D6A2821582A3BC105EEF454C /* IRCToWOMAdapter.swift */,
				2B02469B01F721B6169799B0 /* SuggestedChannels.json */,
				2C3C4C5C6C7C8C9CD0D1D2D3 /* SuggestedServers.json */,
				0498ACC5E264A6704F285BBE /* SuggestedChannels.swift */,
				B62E6C1D03888795A63181F4 /* WOMToIRCAdapter.swift */,
				066959F884124BB54D566DB8 /* ServerOrchestrator.swift */,
				2EDEE90879321C092799188C /* SuggestedServers.swift */,
			);
			path = IRC;
			sourceTree = "<group>";
		};
		BAFF978153FEFBC98288B865 /* Social */ = {
			isa = PBXGroup;
			children = (
				2D5B69B87A544419FE5C2911 /* RemoteIdentity.swift */,
				D96DCC7DC708265CC384DC89 /* SocialSignal.swift */,
				C123AABD800E7BE44F5B071D /* TrustRelation.swift */,
			);
			path = Social;
			sourceTree = "<group>";
		};
		C9E9DB7C2281B09165AD78FD /* Debug */ = {
			isa = PBXGroup;
			children = (
				FDE1F18BDE942722566DA463 /* DebugView.swift */,
				110725662E9CAF4F796B6DDC /* RawEventLogView.swift */,
				CDD53F05BF753713991139CE /* WOMObjectInspectorView.swift */,
			);
			path = Debug;
			sourceTree = "<group>";
		};
		CC45187C8720D690484C4929 /* Settings */ = {
			isa = PBXGroup;
			children = (
				354688CFC206205439A3FFFF /* AddServerView.swift */,
				DAE7D6E8E5F39710B7B47F82 /* SettingsView.swift */,
				ADD2FEED00000000F1LE00001 /* AddFeedView.swift */,
			);
			path = Settings;
			sourceTree = "<group>";
		};
		FFC8696CE1066C637F57B71F /* Products */ = {
			isa = PBXGroup;
			children = (
				41C0975A8852038225072B85 /* Wirc.app */,
			);
			name = Products;
			sourceTree = "<group>";
		};
/* End PBXGroup section */

/* Begin PBXNativeTarget section */
		A1AB3BDC760E53F45DDF449F /* Wirc */ = {
			isa = PBXNativeTarget;
			buildConfigurationList = 9A2DF018FD118A326CDAA451 /* Build configuration list for PBXNativeTarget "Wirc" */;
			buildPhases = (
				94DCB8527FE70EE357B02D57 /* Sources */,
				114F80F3B6AFE4A33D80D1EA /* Resources */,
			);
			buildRules = (
			);
			dependencies = (
			);
			name = Wirc;
			productName = Wirc;
			productReference = 41C0975A8852038225072B85 /* Wirc.app */;
			productType = "com.apple.product-type.application";
		};
/* End PBXNativeTarget section */

/* Begin PBXProject section */
		29BDCE3CB8F71A773B43C2E5 /* Project object */ = {
			isa = PBXProject;
			attributes = {
				BuildIndependentTargetsInParallel = YES;
				LastUpgradeCheck = 1430;
				TargetAttributes = {
					A1AB3BDC760E53F45DDF449F = {
						DevelopmentTeam = 955573A4YH;
						ProvisioningStyle = Automatic;
					};
				};
			};
			buildConfigurationList = 277FD5F766BB54412DE2760A /* Build configuration list for PBXProject "Wirc" */;
			developmentRegion = en;
			hasScannedForEncodings = 0;
			knownRegions = (
				Base,
				en,
			);
			mainGroup = 05AF971AE3FAA71E8822420B;
			minimizedProjectReferenceProxies = 1;
			preferredProjectObjectVersion = 77;
			productRefGroup = FFC8696CE1066C637F57B71F /* Products */;
			projectDirPath = "";
			projectRoot = "";
			targets = (
				A1AB3BDC760E53F45DDF449F /* Wirc */,
			);
		};
/* End PBXProject section */

/* Begin PBXResourcesBuildPhase section */
		114F80F3B6AFE4A33D80D1EA /* Resources */ = {
			isa = PBXResourcesBuildPhase;
			buildActionMask = 2147483647;
			files = (
				B9D9F45CF4E0337214450B94 /* SuggestedChannels.json in Resources */,
				CAFEBABECAFEBABECAFEBABE /* SuggestedServers.json in Resources */,
			);
			runOnlyForDeploymentPostprocessing = 0;
		};
/* End PBXResourcesBuildPhase section */

/* Begin PBXSourcesBuildPhase section */
		94DCB8527FE70EE357B02D57 /* Sources */ = {
			isa = PBXSourcesBuildPhase;
			buildActionMask = 2147483647;
			files = (
				E507E3CC098099E1AACAB37A /* AddServerView.swift in Sources */,
				6E01703388ADF79FF75D4BF5 /* AppState.swift in Sources */,
				2065F4616971143C5E5EE6B2 /* ChatView.swift in Sources */,
				3DC38E9513AAD20E5E04063E /* ConversationListView.swift in Sources */,
				1614A2CBB02FDFECE1C3043F /* DebugView.swift in Sources */,
				3F838981C16016FD2DF0443C /* FeedCard.swift in Sources */,
				97C3D31649C0B6A7776D3892 /* FeedView.swift in Sources */,
				AAAAAAAAAABBBBBBBBCCCCCCCC /* FeedItem.swift in Sources */,
				444444445555555566666666 /* FeedSubscription.swift in Sources */,
				F1F1F1F1F2F2F2F2F3F3F3F3 /* FeedSubscriptionStore.swift in Sources */,
				FEEDPARSER1234567890BUILD /* FeedParser.swift in Sources */,
				5C5C5C5C6D6D6D6D7E7E7E7E /* FeedFetcher.swift in Sources */,
				A1B2C3D4E5F6A7B8C9D0E1F2 /* FeedToWOMAdapter.swift in Sources */,
				DF00A7A6ADD9370AF764D3D9 /* IRCClient.swift in Sources */,
				DC9D1DFA06EEFA62B253FD57 /* IRCConnectionConfig.swift in Sources */,
				EFAE2659F2ED47FD1DE8817C /* IRCEvent.swift in Sources */,
				D88E678DCB7158297CD4F64B /* IRCMessage.swift in Sources */,
				68F56DB16D64D7DF03FC5C4B /* IRCParser.swift in Sources */,
				6533D9A172E226BB99DD3C15 /* IRCToWOMAdapter.swift in Sources */,
				D3A953C8893F023EFB20D6CB /* InMemoryWOMStore.swift in Sources */,
				E7D6C5B4A3F2918071655443 /* JSONFileStore.swift in Sources */,
				A31014B086E449E4EB6AF1E5 /* MessageView.swift in Sources */,
				650ADA11D0E8C152956F478B /* RawEventLogView.swift in Sources */,
				7EC94869472B0565F65A371D /* RemoteIdentity.swift in Sources */,
				4DA3E8A6D23BBF6ED1126E17 /* SettingsView.swift in Sources */,
				ADD2FEED00000000B1LD00001 /* AddFeedView.swift in Sources */,
				5ACE5505CCF4639B50B95A91 /* SocialSignal.swift in Sources */,
				B28C05DA310EF2AE7F9492A2 /* SuggestedChannels.swift in Sources */,
				208A7FE391E119C11444ECB8 /* TrustRelation.swift in Sources */,
				83D3F1EA012B94B9F965D8C1 /* WOMContent.swift in Sources */,
				728523B504672CB8A4ECDE94 /* WOMIDGenerator.swift in Sources */,
				5F7A9BB695411458234D8B14 /* WOMObject.swift in Sources */,
				18A08BC4CFC068A4403D2D3A /* WOMObjectInspectorView.swift in Sources */,
				0B92705E9F8535DEFA71075A /* WOMProvenance.swift in Sources */,
				5A564F0F105370D5C227631C /* WOMReference.swift in Sources */,
				32E853A4E4E0CEC0B1D4C104 /* WOMRelation.swift in Sources */,
				6410C014AFB74C80C7CC91BA /* WOMStore.swift in Sources */,
				26B80F99529363367CC97548 /* WOMToIRCAdapter.swift in Sources */,
				7B85E860C10694C08CC3BC3D /* WircApp.swift in Sources */,
				0E79721E391572C8F3FEACA8 /* ServerOrchestrator.swift in Sources */,
				1E7309729E3F1AB05DECCE2C /* SuggestedServers.swift in Sources */,
				D79DDF4532539CA96597B082 /* MastodonClient.swift in Sources */,
				0321DB719449E908543B42D7 /* MastodonModels.swift in Sources */,
				EF517AD1E1D77FAD27B0D5AB /* MastodonToWOMAdapter.swift in Sources */,
				DE7D184324314EBDA9D7C10F /* WOMEnums.swift in Sources */,
				20CEB53B3A4D4F1481B78C38 /* WOMIdentity.swift in Sources */,
				A4A163E3334944F2ABB66C37 /* WOMGovernance.swift in Sources */,
				740A9C78E57B415483467487 /* WOMBinding.swift in Sources */,
				475504590B13492BAF4BA62B /* WOMClassification.swift in Sources */,
				A22AA90B294346FEA3AD5495 /* WOMAnnotation.swift in Sources */,
				533A5901BA3B4707B2E4F606 /* WOMKnowledge.swift in Sources */,
				DBFCCC1FEC10425FACD1A49F /* DesignSystem.swift in Sources */,
			);
			runOnlyForDeploymentPostprocessing = 0;
		};
/* End PBXSourcesBuildPhase section */

/* Begin XCBuildConfiguration section */
		39F54722FA483BA4227EC5E8 /* Release */ = {
			isa = XCBuildConfiguration;
			buildSettings = {
				ALWAYS_SEARCH_USER_PATHS = NO;
				CLANG_ANALYZER_NONNULL = YES;
				CLANG_ANALYZER_NUMBER_OBJECT_CONVERSION = YES_AGGRESSIVE;
				CLANG_CXX_LANGUAGE_STANDARD = "gnu++14";
				CLANG_CXX_LIBRARY = "libc++";
				CLANG_ENABLE_MODULES = YES;
				CLANG_ENABLE_OBJC_ARC = YES;
				CLANG_ENABLE_OBJC_WEAK = YES;
				CLANG_WARN_BLOCK_CAPTURE_AUTORELEASING = YES;
				CLANG_WARN_BOOL_CONVERSION = YES;
				CLANG_WARN_COMMA = YES;
				CLANG_WARN_CONSTANT_CONVERSION = YES;
				CLANG_WARN_DEPRECATED_OBJC_IMPLEMENTATIONS = YES;
				CLANG_WARN_DIRECT_OBJC_ISA_USAGE = YES_ERROR;
				CLANG_WARN_DOCUMENTATION_COMMENTS = YES;
				CLANG_WARN_EMPTY_BODY = YES;
				CLANG_WARN_ENUM_CONVERSION = YES;
				CLANG_WARN_INFINITE_RECURSION = YES;
				CLANG_WARN_INT_CONVERSION = YES;
				CLANG_WARN_NON_LITERAL_NULL_CONVERSION = YES;
				CLANG_WARN_OBJC_IMPLICIT_RETAIN_SELF = YES;
				CLANG_WARN_OBJC_LITERAL_CONVERSION = YES;
				CLANG_WARN_OBJC_ROOT_CLASS = YES_ERROR;
				CLANG_WARN_QUOTED_INCLUDE_IN_FRAMEWORK_HEADER = YES;
				CLANG_WARN_RANGE_LOOP_ANALYSIS = YES;
				CLANG_WARN_STRICT_PROTOTYPES = YES;
				CLANG_WARN_SUSPICIOUS_MOVE = YES;
				CLANG_WARN_UNGUARDED_AVAILABILITY = YES_AGGRESSIVE;
				CLANG_WARN_UNREACHABLE_CODE = YES;
				CLANG_WARN__DUPLICATE_METHOD_MATCH = YES;
				COPY_PHASE_STRIP = NO;
				DEBUG_INFORMATION_FORMAT = "dwarf-with-dsym";
				ENABLE_NS_ASSERTIONS = NO;
				ENABLE_STRICT_OBJC_MSGSEND = YES;
				GCC_C_LANGUAGE_STANDARD = gnu11;
				GCC_NO_COMMON_BLOCKS = YES;
				GCC_WARN_64_TO_32_BIT_CONVERSION = YES;
				GCC_WARN_ABOUT_RETURN_TYPE = YES_ERROR;
				GCC_WARN_UNDECLARED_SELECTOR = YES;
				GCC_WARN_UNINITIALIZED_AUTOS = YES_AGGRESSIVE;
				GCC_WARN_UNUSED_FUNCTION = YES;
				GCC_WARN_UNUSED_VARIABLE = YES;
				IPHONEOS_DEPLOYMENT_TARGET = 17.0;
				MTL_ENABLE_DEBUG_INFO = NO;
				MTL_FAST_MATH = YES;
				PRODUCT_NAME = "$(TARGET_NAME)";
				SDKROOT = iphoneos;
				SWIFT_COMPILATION_MODE = wholemodule;
				SWIFT_OPTIMIZATION_LEVEL = "-O";
				SWIFT_VERSION = 6.0;
			};
			name = Release;
		};
		630603F563FB68CE364C20C6 /* Debug */ = {
			isa = XCBuildConfiguration;
			buildSettings = {
				ALWAYS_SEARCH_USER_PATHS = NO;
				CLANG_ANALYZER_NONNULL = YES;
				CLANG_ANALYZER_NUMBER_OBJECT_CONVERSION = YES_AGGRESSIVE;
				CLANG_CXX_LANGUAGE_STANDARD = "gnu++14";
				CLANG_CXX_LIBRARY = "libc++";
				CLANG_ENABLE_MODULES = YES;
				CLANG_ENABLE_OBJC_ARC = YES;
				CLANG_ENABLE_OBJC_WEAK = YES;
				CLANG_WARN_BLOCK_CAPTURE_AUTORELEASING = YES;
				CLANG_WARN_BOOL_CONVERSION = YES;
				CLANG_WARN_COMMA = YES;
				CLANG_WARN_CONSTANT_CONVERSION = YES;
				CLANG_WARN_DEPRECATED_OBJC_IMPLEMENTATIONS = YES;
				CLANG_WARN_DIRECT_OBJC_ISA_USAGE = YES_ERROR;
				CLANG_WARN_DOCUMENTATION_COMMENTS = YES;
				CLANG_WARN_EMPTY_BODY = YES;
				CLANG_WARN_ENUM_CONVERSION = YES;
				CLANG_WARN_INFINITE_RECURSION = YES;
				CLANG_WARN_INT_CONVERSION = YES;
				CLANG_WARN_NON_LITERAL_NULL_CONVERSION = YES;
				CLANG_WARN_OBJC_IMPLICIT_RETAIN_SELF = YES;
				CLANG_WARN_OBJC_LITERAL_CONVERSION = YES;
				CLANG_WARN_OBJC_ROOT_CLASS = YES_ERROR;
				CLANG_WARN_QUOTED_INCLUDE_IN_FRAMEWORK_HEADER = YES;
				CLANG_WARN_RANGE_LOOP_ANALYSIS = YES;
				CLANG_WARN_STRICT_PROTOTYPES = YES;
				CLANG_WARN_SUSPICIOUS_MOVE = YES;
				CLANG_WARN_UNGUARDED_AVAILABILITY = YES_AGGRESSIVE;
				CLANG_WARN_UNREACHABLE_CODE = YES;
				CLANG_WARN__DUPLICATE_METHOD_MATCH = YES;
				COPY_PHASE_STRIP = NO;
				DEBUG_INFORMATION_FORMAT = dwarf;
				ENABLE_STRICT_OBJC_MSGSEND = YES;
				ENABLE_TESTABILITY = YES;
				GCC_C_LANGUAGE_STANDARD = gnu11;
				GCC_DYNAMIC_NO_PIC = NO;
				GCC_NO_COMMON_BLOCKS = YES;
				GCC_OPTIMIZATION_LEVEL = 0;
				GCC_PREPROCESSOR_DEFINITIONS = (
					"$(inherited)",
					"DEBUG=1",
				);
				GCC_WARN_64_TO_32_BIT_CONVERSION = YES;
				GCC_WARN_ABOUT_RETURN_TYPE = YES_ERROR;
				GCC_WARN_UNDECLARED_SELECTOR = YES;
				GCC_WARN_UNINITIALIZED_AUTOS = YES_AGGRESSIVE;
				GCC_WARN_UNUSED_FUNCTION = YES;
				GCC_WARN_UNUSED_VARIABLE = YES;
				IPHONEOS_DEPLOYMENT_TARGET = 17.0;
				MTL_ENABLE_DEBUG_INFO = INCLUDE_SOURCE;
				MTL_FAST_MATH = YES;
				ONLY_ACTIVE_ARCH = YES;
				PRODUCT_NAME = "$(TARGET_NAME)";
				SDKROOT = iphoneos;
				SWIFT_ACTIVE_COMPILATION_CONDITIONS = DEBUG;
				SWIFT_OPTIMIZATION_LEVEL = "-Onone";
				SWIFT_VERSION = 6.0;
			};
			name = Debug;
		};
		A6B1F0573EE51360B14E6846 /* Release */ = {
			isa = XCBuildConfiguration;
			buildSettings = {
				ASSETCATALOG_COMPILER_APPICON_NAME = AppIcon;
				CODE_SIGN_IDENTITY = "iPhone Developer";
				CODE_SIGN_STYLE = Automatic;
				DEVELOPMENT_TEAM = 955573A4YH;
				INFOPLIST_FILE = WircApp/App/Info.plist;
				LD_RUNPATH_SEARCH_PATHS = (
					"$(inherited)",
					"@executable_path/Frameworks",
				);
				PRODUCT_BUNDLE_IDENTIFIER = com.wirc.wirc;
				SDKROOT = iphoneos;
				TARGETED_DEVICE_FAMILY = "1,2";
			};
			name = Release;
		};
		A91B75FA535D20A838EEFDFA /* Debug */ = {
			isa = XCBuildConfiguration;
			buildSettings = {
				ASSETCATALOG_COMPILER_APPICON_NAME = AppIcon;
				CODE_SIGN_IDENTITY = "iPhone Developer";
				CODE_SIGN_STYLE = Automatic;
				DEVELOPMENT_TEAM = 955573A4YH;
				INFOPLIST_FILE = WircApp/App/Info.plist;
				LD_RUNPATH_SEARCH_PATHS = (
					"$(inherited)",
					"@executable_path/Frameworks",
				);
				PRODUCT_BUNDLE_IDENTIFIER = com.wirc.wirc;
				SDKROOT = iphoneos;
				TARGETED_DEVICE_FAMILY = "1,2";
			};
			name = Debug;
		};
/* End XCBuildConfiguration section */

/* Begin XCConfigurationList section */
		277FD5F766BB54412DE2760A /* Build configuration list for PBXProject "Wirc" */ = {
			isa = XCConfigurationList;
			buildConfigurations = (
				630603F563FB68CE364C20C6 /* Debug */,
				39F54722FA483BA4227EC5E8 /* Release */,
			);
			defaultConfigurationIsVisible = 0;
			defaultConfigurationName = Debug;
		};
		9A2DF018FD118A326CDAA451 /* Build configuration list for PBXNativeTarget "Wirc" */ = {
			isa = XCConfigurationList;
			buildConfigurations = (
				A91B75FA535D20A838EEFDFA /* Debug */,
				A6B1F0573EE51360B14E6846 /* Release */,
			);
			defaultConfigurationIsVisible = 0;
			defaultConfigurationName = Debug;
		};
/* End XCConfigurationList section */
	};
	rootObject = 29BDCE3CB8F71A773B43C2E5 /* Project object */;
}
